{
  "object": {
    "pins": [
      {
        "package": "APNS",
        "repositoryURL": "https://github.com/jeffctown/APNS.git",
        "state": {
          "branch": "master",
          "revision": "430f2519f223e7c74f024ab3c51c2899ed2d0ad8",
          "version": null
        }
      },
      {
        "package": "XcodeReleasesKit",
        "repositoryURL": "https://github.com/jeffctown/XcodeReleasesKit.git",
        "state": {
          "branch": "master",
          "revision": "c1885a3939bc55702d927d2a6676afa9ad87d222",
          "version": null
        }
      }
    ]
  },
  "version": 1
}
