{
  "object": {
    "pins": [
      {
        "package": "APNS",
        "repositoryURL": "https://github.com/jeffctown/APNS.git",
        "state": {
          "branch": "master",
          "revision": "d6e0fb44b930d888b698a07e99aee2928c284be1",
          "version": null
        }
      },
      {
        "package": "XcodeReleasesKit",
        "repositoryURL": "https://github.com/jeffctown/XcodeReleasesKit.git",
        "state": {
          "branch": "master",
          "revision": "c1885a3939bc55702d927d2a6676afa9ad87d222",
          "version": null
        }
      }
    ]
  },
  "version": 1
}
