{
  "object": {
    "pins": [
      {
        "package": "XcodeReleasesKit",
        "repositoryURL": "https://github.com/jeffctown/XcodeReleasesKit.git",
        "state": {
          "branch": null,
          "revision": "80f9565ff0c2d60aa2c537920ca7ac11e26a6cb2",
          "version": "0.1.0"
        }
      }
    ]
  },
  "version": 1
}
