// !$*UTF8*$!
{
	archiveVersion = 1;
	classes = {
	};
	objectVersion = 52;
	objects = {

/* Begin PBXBuildFile section */
		1F130C4F22D21EB200A525CE /* Device+Debugging.swift in Sources */ = {isa = PBXBuildFile; fileRef = 1F130C4E22D21EB200A525CE /* Device+Debugging.swift */; };
		1F130E8922D22F0B00A525CE /* SettingsButton.swift in Sources */ = {isa = PBXBuildFile; fileRef = 1F130E8822D22F0B00A525CE /* SettingsButton.swift */; };
		1F174B1922CD5ACB004E2089 /* ReleaseInfoSection.swift in Sources */ = {isa = PBXBuildFile; fileRef = 1F174B1822CD5ACB004E2089 /* ReleaseInfoSection.swift */; };
		1F174B1B22CD5BC2004E2089 /* MockReleases.json in Resources */ = {isa = PBXBuildFile; fileRef = 1F174B1A22CD5BC2004E2089 /* MockReleases.json */; };
		1F174B1D22CD5BD6004E2089 /* MockReleases.swift in Sources */ = {isa = PBXBuildFile; fileRef = 1F174B1C22CD5BD6004E2089 /* MockReleases.swift */; };
		1F174B1F22CD5E52004E2089 /* SDKSection.swift in Sources */ = {isa = PBXBuildFile; fileRef = 1F174B1E22CD5E52004E2089 /* SDKSection.swift */; };
		1F174B2122CD5F4B004E2089 /* LinksSection.swift in Sources */ = {isa = PBXBuildFile; fileRef = 1F174B2022CD5F4B004E2089 /* LinksSection.swift */; };
		1F174B2622CD6D19004E2089 /* XcodeRelease+Identifiable.swift in Sources */ = {isa = PBXBuildFile; fileRef = 1F174B2522CD6D19004E2089 /* XcodeRelease+Identifiable.swift */; };
		1F21433122CD875300464412 /* SettingsView.swift in Sources */ = {isa = PBXBuildFile; fileRef = 1F21433022CD875300464412 /* SettingsView.swift */; };
		1F30766322CCC7B4006A49C3 /* AppDelegate.swift in Sources */ = {isa = PBXBuildFile; fileRef = 1F30766222CCC7B4006A49C3 /* AppDelegate.swift */; };
		1F30766522CCC7B4006A49C3 /* SceneDelegate.swift in Sources */ = {isa = PBXBuildFile; fileRef = 1F30766422CCC7B4006A49C3 /* SceneDelegate.swift */; };
		1F30766A22CCC7B4006A49C3 /* XcodeReleaseList.swift in Sources */ = {isa = PBXBuildFile; fileRef = 1F30766922CCC7B4006A49C3 /* XcodeReleaseList.swift */; };
		1F30766C22CCC7B6006A49C3 /* Assets.xcassets in Resources */ = {isa = PBXBuildFile; fileRef = 1F30766B22CCC7B6006A49C3 /* Assets.xcassets */; };
		1F30766F22CCC7B6006A49C3 /* Preview Assets.xcassets in Resources */ = {isa = PBXBuildFile; fileRef = 1F30766E22CCC7B6006A49C3 /* Preview Assets.xcassets */; };
		1F30767222CCC7B6006A49C3 /* LaunchScreen.storyboard in Resources */ = {isa = PBXBuildFile; fileRef = 1F30767022CCC7B6006A49C3 /* LaunchScreen.storyboard */; };
		1F30767D22CCC7B6006A49C3 /* XcodeReleasesTests.swift in Sources */ = {isa = PBXBuildFile; fileRef = 1F30767C22CCC7B6006A49C3 /* XcodeReleasesTests.swift */; };
		1F309A9422CF7AAF009B8A62 /* XcodeReleasesKit in Frameworks */ = {isa = PBXBuildFile; productRef = 1F309A9322CF7AAF009B8A62 /* XcodeReleasesKit */; };
		1F34989D22D0E4960000E4E8 /* NotificationSection.swift in Sources */ = {isa = PBXBuildFile; fileRef = 1F34989C22D0E4960000E4E8 /* NotificationSection.swift */; };
		1F34989F22D0F9290000E4E8 /* AboutSection.swift in Sources */ = {isa = PBXBuildFile; fileRef = 1F34989E22D0F9290000E4E8 /* AboutSection.swift */; };
		1F3498A122D0FA400000E4E8 /* InfoPList.swift in Sources */ = {isa = PBXBuildFile; fileRef = 1F3498A022D0FA400000E4E8 /* InfoPList.swift */; };
		1F3A225822D206D0006B778D /* NotificationTokenRow.swift in Sources */ = {isa = PBXBuildFile; fileRef = 1F3A225722D206D0006B778D /* NotificationTokenRow.swift */; };
		1F3A225A22D20719006B778D /* NotificationToggleRow.swift in Sources */ = {isa = PBXBuildFile; fileRef = 1F3A225922D20719006B778D /* NotificationToggleRow.swift */; };
		1F5827D722CCFCCE00FAA665 /* XcodeReleaseRow.swift in Sources */ = {isa = PBXBuildFile; fileRef = 1F5827D622CCFCCE00FAA665 /* XcodeReleaseRow.swift */; };
		1F6A985D22D03BAF005785EA /* XcodeReleasesApi.swift in Sources */ = {isa = PBXBuildFile; fileRef = 1F6A985C22D03BAF005785EA /* XcodeReleasesApi.swift */; };
		1FB14CD022CCD80F000D7552 /* XcodeReleasesService.swift in Sources */ = {isa = PBXBuildFile; fileRef = 1FB14CCF22CCD80F000D7552 /* XcodeReleasesService.swift */; };
		1FB14CD522CCE680000D7552 /* XcodeReleaseDetail.swift in Sources */ = {isa = PBXBuildFile; fileRef = 1FB14CD422CCE680000D7552 /* XcodeReleaseDetail.swift */; };
		1FD1AAA2238A15590096DA87 /* RootView.swift in Sources */ = {isa = PBXBuildFile; fileRef = 1FD1AAA1238A15590096DA87 /* RootView.swift */; };
		1FD1AAA4238A93FB0096DA87 /* WebViewButton.swift in Sources */ = {isa = PBXBuildFile; fileRef = 1FD1AAA3238A93FB0096DA87 /* WebViewButton.swift */; };
		1FE2ACBE22CD82C300A8B239 /* UserDefault.swift in Sources */ = {isa = PBXBuildFile; fileRef = 1FE2ACBD22CD82C300A8B239 /* UserDefault.swift */; };
		1FE2ACC322CD847100A8B239 /* UserNotifications.swift in Sources */ = {isa = PBXBuildFile; fileRef = 1FE2ACC222CD847100A8B239 /* UserNotifications.swift */; };
		1FEFFCD922CCEF800060DA61 /* AppState.swift in Sources */ = {isa = PBXBuildFile; fileRef = 1FEFFCD822CCEF7F0060DA61 /* AppState.swift */; };
		1FF7622522CD42FA0091EAC3 /* WebView.swift in Sources */ = {isa = PBXBuildFile; fileRef = 1FF7622422CD42FA0091EAC3 /* WebView.swift */; };
		1FF7622722CD477D0091EAC3 /* SafariView.swift in Sources */ = {isa = PBXBuildFile; fileRef = 1FF7622622CD477C0091EAC3 /* SafariView.swift */; };
		1FF9F09222D2076A00DBD6D3 /* NotificationDeniedRow.swift in Sources */ = {isa = PBXBuildFile; fileRef = 1FF9F09122D2076A00DBD6D3 /* NotificationDeniedRow.swift */; };
		1FF9F09422D208D600DBD6D3 /* NotificationRegisterRow.swift in Sources */ = {isa = PBXBuildFile; fileRef = 1FF9F09322D208D600DBD6D3 /* NotificationRegisterRow.swift */; };
/* End PBXBuildFile section */

/* Begin PBXContainerItemProxy section */
		1F30767922CCC7B6006A49C3 /* PBXContainerItemProxy */ = {
			isa = PBXContainerItemProxy;
			containerPortal = 1F30765722CCC7B4006A49C3 /* Project object */;
			proxyType = 1;
			remoteGlobalIDString = 1F30765E22CCC7B4006A49C3;
			remoteInfo = XcodeReleases;
		};
/* End PBXContainerItemProxy section */

/* Begin PBXFileReference section */
		1F130C4E22D21EB200A525CE /* Device+Debugging.swift */ = {isa = PBXFileReference; lastKnownFileType = sourcecode.swift; path = "Device+Debugging.swift"; sourceTree = "<group>"; };
		1F130E8822D22F0B00A525CE /* SettingsButton.swift */ = {isa = PBXFileReference; lastKnownFileType = sourcecode.swift; path = SettingsButton.swift; sourceTree = "<group>"; };
		1F174B1822CD5ACB004E2089 /* ReleaseInfoSection.swift */ = {isa = PBXFileReference; lastKnownFileType = sourcecode.swift; path = ReleaseInfoSection.swift; sourceTree = "<group>"; };
		1F174B1A22CD5BC2004E2089 /* MockReleases.json */ = {isa = PBXFileReference; fileEncoding = 4; lastKnownFileType = text.json; path = MockReleases.json; sourceTree = "<group>"; };
		1F174B1C22CD5BD6004E2089 /* MockReleases.swift */ = {isa = PBXFileReference; lastKnownFileType = sourcecode.swift; path = MockReleases.swift; sourceTree = "<group>"; };
		1F174B1E22CD5E52004E2089 /* SDKSection.swift */ = {isa = PBXFileReference; lastKnownFileType = sourcecode.swift; path = SDKSection.swift; sourceTree = "<group>"; };
		1F174B2022CD5F4B004E2089 /* LinksSection.swift */ = {isa = PBXFileReference; lastKnownFileType = sourcecode.swift; path = LinksSection.swift; sourceTree = "<group>"; };
		1F174B2522CD6D19004E2089 /* XcodeRelease+Identifiable.swift */ = {isa = PBXFileReference; lastKnownFileType = sourcecode.swift; path = "XcodeRelease+Identifiable.swift"; sourceTree = "<group>"; };
		1F21432F22CD861E00464412 /* XcodeReleasesDebug.entitlements */ = {isa = PBXFileReference; lastKnownFileType = text.plist.entitlements; path = XcodeReleasesDebug.entitlements; sourceTree = "<group>"; };
		1F21433022CD875300464412 /* SettingsView.swift */ = {isa = PBXFileReference; fileEncoding = 4; lastKnownFileType = sourcecode.swift; path = SettingsView.swift; sourceTree = "<group>"; };
		1F30765F22CCC7B4006A49C3 /* XcodeReleases.app */ = {isa = PBXFileReference; explicitFileType = wrapper.application; includeInIndex = 0; path = XcodeReleases.app; sourceTree = BUILT_PRODUCTS_DIR; };
		1F30766222CCC7B4006A49C3 /* AppDelegate.swift */ = {isa = PBXFileReference; lastKnownFileType = sourcecode.swift; path = AppDelegate.swift; sourceTree = "<group>"; };
		1F30766422CCC7B4006A49C3 /* SceneDelegate.swift */ = {isa = PBXFileReference; lastKnownFileType = sourcecode.swift; path = SceneDelegate.swift; sourceTree = "<group>"; };
		1F30766922CCC7B4006A49C3 /* XcodeReleaseList.swift */ = {isa = PBXFileReference; lastKnownFileType = sourcecode.swift; path = XcodeReleaseList.swift; sourceTree = "<group>"; };
		1F30766B22CCC7B6006A49C3 /* Assets.xcassets */ = {isa = PBXFileReference; lastKnownFileType = folder.assetcatalog; path = Assets.xcassets; sourceTree = "<group>"; };
		1F30766E22CCC7B6006A49C3 /* Preview Assets.xcassets */ = {isa = PBXFileReference; lastKnownFileType = folder.assetcatalog; path = "Preview Assets.xcassets"; sourceTree = "<group>"; };
		1F30767122CCC7B6006A49C3 /* Base */ = {isa = PBXFileReference; lastKnownFileType = file.storyboard; name = Base; path = Base.lproj/LaunchScreen.storyboard; sourceTree = "<group>"; };
		1F30767322CCC7B6006A49C3 /* Info.plist */ = {isa = PBXFileReference; lastKnownFileType = text.plist.xml; path = Info.plist; sourceTree = "<group>"; };
		1F30767822CCC7B6006A49C3 /* XcodeReleasesTests.xctest */ = {isa = PBXFileReference; explicitFileType = wrapper.cfbundle; includeInIndex = 0; path = XcodeReleasesTests.xctest; sourceTree = BUILT_PRODUCTS_DIR; };
		1F30767C22CCC7B6006A49C3 /* XcodeReleasesTests.swift */ = {isa = PBXFileReference; lastKnownFileType = sourcecode.swift; path = XcodeReleasesTests.swift; sourceTree = "<group>"; };
		1F30767E22CCC7B6006A49C3 /* Info.plist */ = {isa = PBXFileReference; lastKnownFileType = text.plist.xml; path = Info.plist; sourceTree = "<group>"; };
		1F34989C22D0E4960000E4E8 /* NotificationSection.swift */ = {isa = PBXFileReference; lastKnownFileType = sourcecode.swift; path = NotificationSection.swift; sourceTree = "<group>"; };
		1F34989E22D0F9290000E4E8 /* AboutSection.swift */ = {isa = PBXFileReference; lastKnownFileType = sourcecode.swift; path = AboutSection.swift; sourceTree = "<group>"; };
		1F3498A022D0FA400000E4E8 /* InfoPList.swift */ = {isa = PBXFileReference; lastKnownFileType = sourcecode.swift; path = InfoPList.swift; sourceTree = "<group>"; };
		1F3A225722D206D0006B778D /* NotificationTokenRow.swift */ = {isa = PBXFileReference; lastKnownFileType = sourcecode.swift; path = NotificationTokenRow.swift; sourceTree = "<group>"; };
		1F3A225922D20719006B778D /* NotificationToggleRow.swift */ = {isa = PBXFileReference; lastKnownFileType = sourcecode.swift; path = NotificationToggleRow.swift; sourceTree = "<group>"; };
		1F5827D622CCFCCE00FAA665 /* XcodeReleaseRow.swift */ = {isa = PBXFileReference; lastKnownFileType = sourcecode.swift; path = XcodeReleaseRow.swift; sourceTree = "<group>"; };
		1F6A985C22D03BAF005785EA /* XcodeReleasesApi.swift */ = {isa = PBXFileReference; lastKnownFileType = sourcecode.swift; path = XcodeReleasesApi.swift; sourceTree = "<group>"; };
		1F8C5B6A22CE82FE00ABF882 /* XcodeReleasesKit */ = {isa = PBXFileReference; lastKnownFileType = folder; name = XcodeReleasesKit; path = ../../XcodeReleasesKit; sourceTree = "<group>"; };
		1FB14CCF22CCD80F000D7552 /* XcodeReleasesService.swift */ = {isa = PBXFileReference; lastKnownFileType = sourcecode.swift; path = XcodeReleasesService.swift; sourceTree = "<group>"; };
		1FB14CD422CCE680000D7552 /* XcodeReleaseDetail.swift */ = {isa = PBXFileReference; lastKnownFileType = sourcecode.swift; path = XcodeReleaseDetail.swift; sourceTree = "<group>"; };
		1FD1AAA1238A15590096DA87 /* RootView.swift */ = {isa = PBXFileReference; lastKnownFileType = sourcecode.swift; path = RootView.swift; sourceTree = "<group>"; };
		1FD1AAA3238A93FB0096DA87 /* WebViewButton.swift */ = {isa = PBXFileReference; lastKnownFileType = sourcecode.swift; path = WebViewButton.swift; sourceTree = "<group>"; };
		1FE2ACBD22CD82C300A8B239 /* UserDefault.swift */ = {isa = PBXFileReference; lastKnownFileType = sourcecode.swift; path = UserDefault.swift; sourceTree = "<group>"; };
		1FE2ACC222CD847100A8B239 /* UserNotifications.swift */ = {isa = PBXFileReference; lastKnownFileType = sourcecode.swift; path = UserNotifications.swift; sourceTree = "<group>"; };
		1FEFFCD822CCEF7F0060DA61 /* AppState.swift */ = {isa = PBXFileReference; lastKnownFileType = sourcecode.swift; path = AppState.swift; sourceTree = "<group>"; };
		1FF7622422CD42FA0091EAC3 /* WebView.swift */ = {isa = PBXFileReference; lastKnownFileType = sourcecode.swift; path = WebView.swift; sourceTree = "<group>"; };
		1FF7622622CD477C0091EAC3 /* SafariView.swift */ = {isa = PBXFileReference; lastKnownFileType = sourcecode.swift; path = SafariView.swift; sourceTree = "<group>"; };
		1FF9F09122D2076A00DBD6D3 /* NotificationDeniedRow.swift */ = {isa = PBXFileReference; lastKnownFileType = sourcecode.swift; path = NotificationDeniedRow.swift; sourceTree = "<group>"; };
		1FF9F09322D208D600DBD6D3 /* NotificationRegisterRow.swift */ = {isa = PBXFileReference; lastKnownFileType = sourcecode.swift; path = NotificationRegisterRow.swift; sourceTree = "<group>"; };
/* End PBXFileReference section */

/* Begin PBXFrameworksBuildPhase section */
		1F30765C22CCC7B4006A49C3 /* Frameworks */ = {
			isa = PBXFrameworksBuildPhase;
			buildActionMask = 2147483647;
			files = (
				1F309A9422CF7AAF009B8A62 /* XcodeReleasesKit in Frameworks */,
			);
			runOnlyForDeploymentPostprocessing = 0;
		};
		1F30767522CCC7B6006A49C3 /* Frameworks */ = {
			isa = PBXFrameworksBuildPhase;
			buildActionMask = 2147483647;
			files = (
			);
			runOnlyForDeploymentPostprocessing = 0;
		};
/* End PBXFrameworksBuildPhase section */

/* Begin PBXGroup section */
		1F174B2222CD5FB5004E2089 /* Webviews */ = {
			isa = PBXGroup;
			children = (
				1FF7622622CD477C0091EAC3 /* SafariView.swift */,
				1FF7622422CD42FA0091EAC3 /* WebView.swift */,
				1FD1AAA3238A93FB0096DA87 /* WebViewButton.swift */,
			);
			path = Webviews;
			sourceTree = "<group>";
		};
		1F174B2322CD5FBE004E2089 /* XcodeReleaseDetail */ = {
			isa = PBXGroup;
			children = (
				1F174B2022CD5F4B004E2089 /* LinksSection.swift */,
				1F174B1822CD5ACB004E2089 /* ReleaseInfoSection.swift */,
				1F174B1E22CD5E52004E2089 /* SDKSection.swift */,
				1FB14CD422CCE680000D7552 /* XcodeReleaseDetail.swift */,
			);
			path = XcodeReleaseDetail;
			sourceTree = "<group>";
		};
		1F174B2422CD6CFD004E2089 /* Extensions */ = {
			isa = PBXGroup;
			children = (
				1F174B2522CD6D19004E2089 /* XcodeRelease+Identifiable.swift */,
				1F130C4E22D21EB200A525CE /* Device+Debugging.swift */,
			);
			path = Extensions;
			sourceTree = "<group>";
		};
		1F2B370D22CD6DCE009118FE /* XcodeReleaseList */ = {
			isa = PBXGroup;
			children = (
				1F30766922CCC7B4006A49C3 /* XcodeReleaseList.swift */,
				1F5827D622CCFCCE00FAA665 /* XcodeReleaseRow.swift */,
			);
			path = XcodeReleaseList;
			sourceTree = "<group>";
		};
		1F30765622CCC7B4006A49C3 = {
			isa = PBXGroup;
			children = (
				1F30766122CCC7B4006A49C3 /* XcodeReleases */,
				1F30767B22CCC7B6006A49C3 /* XcodeReleasesTests */,
				1F8C5B6A22CE82FE00ABF882 /* XcodeReleasesKit */,
				1F30766022CCC7B4006A49C3 /* Products */,
				1FB14CD122CCDA35000D7552 /* Frameworks */,
			);
			sourceTree = "<group>";
		};
		1F30766022CCC7B4006A49C3 /* Products */ = {
			isa = PBXGroup;
			children = (
				1F30765F22CCC7B4006A49C3 /* XcodeReleases.app */,
				1F30767822CCC7B6006A49C3 /* XcodeReleasesTests.xctest */,
			);
			name = Products;
			sourceTree = "<group>";
		};
		1F30766122CCC7B4006A49C3 /* XcodeReleases */ = {
			isa = PBXGroup;
			children = (
				1F21432F22CD861E00464412 /* XcodeReleasesDebug.entitlements */,
				1FE2ACC122CD846300A8B239 /* Notifications */,
				1F174B2422CD6CFD004E2089 /* Extensions */,
				1FEFFCDA22CCF9D00060DA61 /* Launch */,
				1FE2ACBC22CD82AC00A8B239 /* Persistence */,
				1F30766D22CCC7B6006A49C3 /* Preview Content */,
				1F5827D222CCF9EF00FAA665 /* Resources */,
				1F5827D522CCFA0A00FAA665 /* Service */,
				1FEFFCDB22CCF9D70060DA61 /* State */,
				1F5827D422CCFA0200FAA665 /* View */,
				1F3498A022D0FA400000E4E8 /* InfoPList.swift */,
			);
			path = XcodeReleases;
			sourceTree = "<group>";
		};
		1F30766D22CCC7B6006A49C3 /* Preview Content */ = {
			isa = PBXGroup;
			children = (
				1F174B1A22CD5BC2004E2089 /* MockReleases.json */,
				1F174B1C22CD5BD6004E2089 /* MockReleases.swift */,
				1F30766E22CCC7B6006A49C3 /* Preview Assets.xcassets */,
			);
			path = "Preview Content";
			sourceTree = "<group>";
		};
		1F30767B22CCC7B6006A49C3 /* XcodeReleasesTests */ = {
			isa = PBXGroup;
			children = (
				1F30767C22CCC7B6006A49C3 /* XcodeReleasesTests.swift */,
				1F30767E22CCC7B6006A49C3 /* Info.plist */,
			);
			path = XcodeReleasesTests;
			sourceTree = "<group>";
		};
		1F5827D222CCF9EF00FAA665 /* Resources */ = {
			isa = PBXGroup;
			children = (
				1F30766B22CCC7B6006A49C3 /* Assets.xcassets */,
				1F30767322CCC7B6006A49C3 /* Info.plist */,
				1F30767022CCC7B6006A49C3 /* LaunchScreen.storyboard */,
			);
			path = Resources;
			sourceTree = "<group>";
		};
		1F5827D422CCFA0200FAA665 /* View */ = {
			isa = PBXGroup;
			children = (
				1FD1AAA0238A15490096DA87 /* Root */,
				1F174B2222CD5FB5004E2089 /* Webviews */,
				1F174B2322CD5FBE004E2089 /* XcodeReleaseDetail */,
				1F2B370D22CD6DCE009118FE /* XcodeReleaseList */,
				1FE2ACBB22CD7E2A00A8B239 /* Settings */,
			);
			path = View;
			sourceTree = "<group>";
		};
		1F5827D522CCFA0A00FAA665 /* Service */ = {
			isa = PBXGroup;
			children = (
				1FB14CCF22CCD80F000D7552 /* XcodeReleasesService.swift */,
				1F6A985C22D03BAF005785EA /* XcodeReleasesApi.swift */,
			);
			path = Service;
			sourceTree = "<group>";
		};
		1FB14CD122CCDA35000D7552 /* Frameworks */ = {
			isa = PBXGroup;
			children = (
			);
			name = Frameworks;
			sourceTree = "<group>";
		};
		1FD1AAA0238A15490096DA87 /* Root */ = {
			isa = PBXGroup;
			children = (
				1FD1AAA1238A15590096DA87 /* RootView.swift */,
			);
			path = Root;
			sourceTree = "<group>";
		};
		1FE2ACBB22CD7E2A00A8B239 /* Settings */ = {
			isa = PBXGroup;
			children = (
				1F34989E22D0F9290000E4E8 /* AboutSection.swift */,
				1FF9F09522D2094B00DBD6D3 /* Notification */,
				1F34989C22D0E4960000E4E8 /* NotificationSection.swift */,
				1F21433022CD875300464412 /* SettingsView.swift */,
			);
			path = Settings;
			sourceTree = "<group>";
		};
		1FE2ACBC22CD82AC00A8B239 /* Persistence */ = {
			isa = PBXGroup;
			children = (
				1FE2ACBD22CD82C300A8B239 /* UserDefault.swift */,
			);
			path = Persistence;
			sourceTree = "<group>";
		};
		1FE2ACC122CD846300A8B239 /* Notifications */ = {
			isa = PBXGroup;
			children = (
				1FE2ACC222CD847100A8B239 /* UserNotifications.swift */,
			);
			path = Notifications;
			sourceTree = "<group>";
		};
		1FEFFCDA22CCF9D00060DA61 /* Launch */ = {
			isa = PBXGroup;
			children = (
				1F30766222CCC7B4006A49C3 /* AppDelegate.swift */,
				1F30766422CCC7B4006A49C3 /* SceneDelegate.swift */,
			);
			path = Launch;
			sourceTree = "<group>";
		};
		1FEFFCDB22CCF9D70060DA61 /* State */ = {
			isa = PBXGroup;
			children = (
				1FEFFCD822CCEF7F0060DA61 /* AppState.swift */,
			);
			path = State;
			sourceTree = "<group>";
		};
		1FF9F09522D2094B00DBD6D3 /* Notification */ = {
			isa = PBXGroup;
			children = (
				1FF9F09122D2076A00DBD6D3 /* NotificationDeniedRow.swift */,
				1FF9F09322D208D600DBD6D3 /* NotificationRegisterRow.swift */,
				1F3A225922D20719006B778D /* NotificationToggleRow.swift */,
				1F3A225722D206D0006B778D /* NotificationTokenRow.swift */,
				1F130E8822D22F0B00A525CE /* SettingsButton.swift */,
			);
			path = Notification;
			sourceTree = "<group>";
		};
/* End PBXGroup section */

/* Begin PBXNativeTarget section */
		1F30765E22CCC7B4006A49C3 /* XcodeReleases */ = {
			isa = PBXNativeTarget;
			buildConfigurationList = 1F30768122CCC7B6006A49C3 /* Build configuration list for PBXNativeTarget "XcodeReleases" */;
			buildPhases = (
				1F30765B22CCC7B4006A49C3 /* Sources */,
				1F30765C22CCC7B4006A49C3 /* Frameworks */,
				1F30765D22CCC7B4006A49C3 /* Resources */,
			);
			buildRules = (
			);
			dependencies = (
			);
			name = XcodeReleases;
			packageProductDependencies = (
				1F309A9322CF7AAF009B8A62 /* XcodeReleasesKit */,
			);
			productName = XcodeReleases;
			productReference = 1F30765F22CCC7B4006A49C3 /* XcodeReleases.app */;
			productType = "com.apple.product-type.application";
		};
		1F30767722CCC7B6006A49C3 /* XcodeReleasesTests */ = {
			isa = PBXNativeTarget;
			buildConfigurationList = 1F30768422CCC7B6006A49C3 /* Build configuration list for PBXNativeTarget "XcodeReleasesTests" */;
			buildPhases = (
				1F30767422CCC7B6006A49C3 /* Sources */,
				1F30767522CCC7B6006A49C3 /* Frameworks */,
				1F30767622CCC7B6006A49C3 /* Resources */,
			);
			buildRules = (
			);
			dependencies = (
				1F30767A22CCC7B6006A49C3 /* PBXTargetDependency */,
			);
			name = XcodeReleasesTests;
			productName = XcodeReleasesTests;
			productReference = 1F30767822CCC7B6006A49C3 /* XcodeReleasesTests.xctest */;
			productType = "com.apple.product-type.bundle.unit-test";
		};
/* End PBXNativeTarget section */

/* Begin PBXProject section */
		1F30765722CCC7B4006A49C3 /* Project object */ = {
			isa = PBXProject;
			attributes = {
				LastSwiftUpdateCheck = 1100;
				LastUpgradeCheck = 1100;
				ORGANIZATIONNAME = "Jeff Lett";
				TargetAttributes = {
					1F30765E22CCC7B4006A49C3 = {
						CreatedOnToolsVersion = 11.0;
					};
					1F30767722CCC7B6006A49C3 = {
						CreatedOnToolsVersion = 11.0;
						TestTargetID = 1F30765E22CCC7B4006A49C3;
					};
				};
			};
			buildConfigurationList = 1F30765A22CCC7B4006A49C3 /* Build configuration list for PBXProject "XcodeReleases" */;
			compatibilityVersion = "Xcode 9.3";
			developmentRegion = en;
			hasScannedForEncodings = 0;
			knownRegions = (
				en,
				Base,
			);
			mainGroup = 1F30765622CCC7B4006A49C3;
			productRefGroup = 1F30766022CCC7B4006A49C3 /* Products */;
			projectDirPath = "";
			projectRoot = "";
			targets = (
				1F30765E22CCC7B4006A49C3 /* XcodeReleases */,
				1F30767722CCC7B6006A49C3 /* XcodeReleasesTests */,
			);
		};
/* End PBXProject section */

/* Begin PBXResourcesBuildPhase section */
		1F30765D22CCC7B4006A49C3 /* Resources */ = {
			isa = PBXResourcesBuildPhase;
			buildActionMask = 2147483647;
			files = (
				1F30767222CCC7B6006A49C3 /* LaunchScreen.storyboard in Resources */,
				1F174B1B22CD5BC2004E2089 /* MockReleases.json in Resources */,
				1F30766F22CCC7B6006A49C3 /* Preview Assets.xcassets in Resources */,
				1F30766C22CCC7B6006A49C3 /* Assets.xcassets in Resources */,
			);
			runOnlyForDeploymentPostprocessing = 0;
		};
		1F30767622CCC7B6006A49C3 /* Resources */ = {
			isa = PBXResourcesBuildPhase;
			buildActionMask = 2147483647;
			files = (
			);
			runOnlyForDeploymentPostprocessing = 0;
		};
/* End PBXResourcesBuildPhase section */

/* Begin PBXSourcesBuildPhase section */
		1F30765B22CCC7B4006A49C3 /* Sources */ = {
			isa = PBXSourcesBuildPhase;
			buildActionMask = 2147483647;
			files = (
				1F6A985D22D03BAF005785EA /* XcodeReleasesApi.swift in Sources */,
				1FD1AAA4238A93FB0096DA87 /* WebViewButton.swift in Sources */,
				1F130E8922D22F0B00A525CE /* SettingsButton.swift in Sources */,
				1FE2ACBE22CD82C300A8B239 /* UserDefault.swift in Sources */,
				1F34989D22D0E4960000E4E8 /* NotificationSection.swift in Sources */,
				1FD1AAA2238A15590096DA87 /* RootView.swift in Sources */,
				1F5827D722CCFCCE00FAA665 /* XcodeReleaseRow.swift in Sources */,
				1F174B2122CD5F4B004E2089 /* LinksSection.swift in Sources */,
				1F21433122CD875300464412 /* SettingsView.swift in Sources */,
				1F130C4F22D21EB200A525CE /* Device+Debugging.swift in Sources */,
				1FF9F09222D2076A00DBD6D3 /* NotificationDeniedRow.swift in Sources */,
				1F174B1D22CD5BD6004E2089 /* MockReleases.swift in Sources */,
				1FF7622522CD42FA0091EAC3 /* WebView.swift in Sources */,
				1FB14CD022CCD80F000D7552 /* XcodeReleasesService.swift in Sources */,
				1FB14CD522CCE680000D7552 /* XcodeReleaseDetail.swift in Sources */,
				1FF7622722CD477D0091EAC3 /* SafariView.swift in Sources */,
				1FEFFCD922CCEF800060DA61 /* AppState.swift in Sources */,
				1F3498A122D0FA400000E4E8 /* InfoPList.swift in Sources */,
				1F174B2622CD6D19004E2089 /* XcodeRelease+Identifiable.swift in Sources */,
				1F3A225822D206D0006B778D /* NotificationTokenRow.swift in Sources */,
				1F30766322CCC7B4006A49C3 /* AppDelegate.swift in Sources */,
				1F3A225A22D20719006B778D /* NotificationToggleRow.swift in Sources */,
				1F174B1F22CD5E52004E2089 /* SDKSection.swift in Sources */,
				1F30766A22CCC7B4006A49C3 /* XcodeReleaseList.swift in Sources */,
				1F174B1922CD5ACB004E2089 /* ReleaseInfoSection.swift in Sources */,
				1F34989F22D0F9290000E4E8 /* AboutSection.swift in Sources */,
				1F30766522CCC7B4006A49C3 /* SceneDelegate.swift in Sources */,
				1FE2ACC322CD847100A8B239 /* UserNotifications.swift in Sources */,
				1FF9F09422D208D600DBD6D3 /* NotificationRegisterRow.swift in Sources */,
			);
			runOnlyForDeploymentPostprocessing = 0;
		};
		1F30767422CCC7B6006A49C3 /* Sources */ = {
			isa = PBXSourcesBuildPhase;
			buildActionMask = 2147483647;
			files = (
				1F30767D22CCC7B6006A49C3 /* XcodeReleasesTests.swift in Sources */,
			);
			runOnlyForDeploymentPostprocessing = 0;
		};
/* End PBXSourcesBuildPhase section */

/* Begin PBXTargetDependency section */
		1F30767A22CCC7B6006A49C3 /* PBXTargetDependency */ = {
			isa = PBXTargetDependency;
			target = 1F30765E22CCC7B4006A49C3 /* XcodeReleases */;
			targetProxy = 1F30767922CCC7B6006A49C3 /* PBXContainerItemProxy */;
		};
/* End PBXTargetDependency section */

/* Begin PBXVariantGroup section */
		1F30767022CCC7B6006A49C3 /* LaunchScreen.storyboard */ = {
			isa = PBXVariantGroup;
			children = (
				1F30767122CCC7B6006A49C3 /* Base */,
			);
			name = LaunchScreen.storyboard;
			sourceTree = "<group>";
		};
/* End PBXVariantGroup section */

/* Begin XCBuildConfiguration section */
		1F30767F22CCC7B6006A49C3 /* Debug */ = {
			isa = XCBuildConfiguration;
			buildSettings = {
				ALWAYS_SEARCH_USER_PATHS = NO;
				CLANG_ANALYZER_NONNULL = YES;
				CLANG_ANALYZER_NUMBER_OBJECT_CONVERSION = YES_AGGRESSIVE;
				CLANG_CXX_LANGUAGE_STANDARD = "gnu++14";
				CLANG_CXX_LIBRARY = "libc++";
				CLANG_ENABLE_MODULES = YES;
				CLANG_ENABLE_OBJC_ARC = YES;
				CLANG_ENABLE_OBJC_WEAK = YES;
				CLANG_WARN_BLOCK_CAPTURE_AUTORELEASING = YES;
				CLANG_WARN_BOOL_CONVERSION = YES;
				CLANG_WARN_COMMA = YES;
				CLANG_WARN_CONSTANT_CONVERSION = YES;
				CLANG_WARN_DEPRECATED_OBJC_IMPLEMENTATIONS = YES;
				CLANG_WARN_DIRECT_OBJC_ISA_USAGE = YES_ERROR;
				CLANG_WARN_DOCUMENTATION_COMMENTS = YES;
				CLANG_WARN_EMPTY_BODY = YES;
				CLANG_WARN_ENUM_CONVERSION = YES;
				CLANG_WARN_INFINITE_RECURSION = YES;
				CLANG_WARN_INT_CONVERSION = YES;
				CLANG_WARN_NON_LITERAL_NULL_CONVERSION = YES;
				CLANG_WARN_OBJC_IMPLICIT_RETAIN_SELF = YES;
				CLANG_WARN_OBJC_LITERAL_CONVERSION = YES;
				CLANG_WARN_OBJC_ROOT_CLASS = YES_ERROR;
				CLANG_WARN_RANGE_LOOP_ANALYSIS = YES;
				CLANG_WARN_STRICT_PROTOTYPES = YES;
				CLANG_WARN_SUSPICIOUS_MOVE = YES;
				CLANG_WARN_UNGUARDED_AVAILABILITY = YES_AGGRESSIVE;
				CLANG_WARN_UNREACHABLE_CODE = YES;
				CLANG_WARN__DUPLICATE_METHOD_MATCH = YES;
				COPY_PHASE_STRIP = NO;
				DEBUG_INFORMATION_FORMAT = dwarf;
				ENABLE_STRICT_OBJC_MSGSEND = YES;
				ENABLE_TESTABILITY = YES;
				GCC_C_LANGUAGE_STANDARD = gnu11;
				GCC_DYNAMIC_NO_PIC = NO;
				GCC_NO_COMMON_BLOCKS = YES;
				GCC_OPTIMIZATION_LEVEL = 0;
				GCC_PREPROCESSOR_DEFINITIONS = (
					"DEBUG=1",
					"$(inherited)",
				);
				GCC_WARN_64_TO_32_BIT_CONVERSION = YES;
				GCC_WARN_ABOUT_RETURN_TYPE = YES_ERROR;
				GCC_WARN_UNDECLARED_SELECTOR = YES;
				GCC_WARN_UNINITIALIZED_AUTOS = YES_AGGRESSIVE;
				GCC_WARN_UNUSED_FUNCTION = YES;
				GCC_WARN_UNUSED_VARIABLE = YES;
				IPHONEOS_DEPLOYMENT_TARGET = 13.0;
				MTL_ENABLE_DEBUG_INFO = INCLUDE_SOURCE;
				MTL_FAST_MATH = YES;
				ONLY_ACTIVE_ARCH = YES;
				SDKROOT = iphoneos;
				SWIFT_ACTIVE_COMPILATION_CONDITIONS = DEBUG;
				SWIFT_OPTIMIZATION_LEVEL = "-Onone";
			};
			name = Debug;
		};
		1F30768022CCC7B6006A49C3 /* Release */ = {
			isa = XCBuildConfiguration;
			buildSettings = {
				ALWAYS_SEARCH_USER_PATHS = NO;
				CLANG_ANALYZER_NONNULL = YES;
				CLANG_ANALYZER_NUMBER_OBJECT_CONVERSION = YES_AGGRESSIVE;
				CLANG_CXX_LANGUAGE_STANDARD = "gnu++14";
				CLANG_CXX_LIBRARY = "libc++";
				CLANG_ENABLE_MODULES = YES;
				CLANG_ENABLE_OBJC_ARC = YES;
				CLANG_ENABLE_OBJC_WEAK = YES;
				CLANG_WARN_BLOCK_CAPTURE_AUTORELEASING = YES;
				CLANG_WARN_BOOL_CONVERSION = YES;
				CLANG_WARN_COMMA = YES;
				CLANG_WARN_CONSTANT_CONVERSION = YES;
				CLANG_WARN_DEPRECATED_OBJC_IMPLEMENTATIONS = YES;
				CLANG_WARN_DIRECT_OBJC_ISA_USAGE = YES_ERROR;
				CLANG_WARN_DOCUMENTATION_COMMENTS = YES;
				CLANG_WARN_EMPTY_BODY = YES;
				CLANG_WARN_ENUM_CONVERSION = YES;
				CLANG_WARN_INFINITE_RECURSION = YES;
				CLANG_WARN_INT_CONVERSION = YES;
				CLANG_WARN_NON_LITERAL_NULL_CONVERSION = YES;
				CLANG_WARN_OBJC_IMPLICIT_RETAIN_SELF = YES;
				CLANG_WARN_OBJC_LITERAL_CONVERSION = YES;
				CLANG_WARN_OBJC_ROOT_CLASS = YES_ERROR;
				CLANG_WARN_RANGE_LOOP_ANALYSIS = YES;
				CLANG_WARN_STRICT_PROTOTYPES = YES;
				CLANG_WARN_SUSPICIOUS_MOVE = YES;
				CLANG_WARN_UNGUARDED_AVAILABILITY = YES_AGGRESSIVE;
				CLANG_WARN_UNREACHABLE_CODE = YES;
				CLANG_WARN__DUPLICATE_METHOD_MATCH = YES;
				COPY_PHASE_STRIP = NO;
				DEBUG_INFORMATION_FORMAT = "dwarf-with-dsym";
				ENABLE_NS_ASSERTIONS = NO;
				ENABLE_STRICT_OBJC_MSGSEND = YES;
				GCC_C_LANGUAGE_STANDARD = gnu11;
				GCC_NO_COMMON_BLOCKS = YES;
				GCC_WARN_64_TO_32_BIT_CONVERSION = YES;
				GCC_WARN_ABOUT_RETURN_TYPE = YES_ERROR;
				GCC_WARN_UNDECLARED_SELECTOR = YES;
				GCC_WARN_UNINITIALIZED_AUTOS = YES_AGGRESSIVE;
				GCC_WARN_UNUSED_FUNCTION = YES;
				GCC_WARN_UNUSED_VARIABLE = YES;
				IPHONEOS_DEPLOYMENT_TARGET = 13.0;
				MTL_ENABLE_DEBUG_INFO = NO;
				MTL_FAST_MATH = YES;
				SDKROOT = iphoneos;
				SWIFT_COMPILATION_MODE = wholemodule;
				SWIFT_OPTIMIZATION_LEVEL = "-O";
				VALIDATE_PRODUCT = YES;
			};
			name = Release;
		};
		1F30768222CCC7B6006A49C3 /* Debug */ = {
			isa = XCBuildConfiguration;
			buildSettings = {
				ASSETCATALOG_COMPILER_APPICON_NAME = AppIcon;
				CODE_SIGN_ENTITLEMENTS = XcodeReleases/XcodeReleasesDebug.entitlements;
				CODE_SIGN_STYLE = Automatic;
				DEVELOPMENT_ASSET_PATHS = "XcodeReleases/Preview\\ Content";
				DEVELOPMENT_TEAM = NTX63W5EU6;
				ENABLE_PREVIEWS = YES;
				INFOPLIST_FILE = XcodeReleases/Resources/Info.plist;
				LD_RUNPATH_SEARCH_PATHS = (
					"$(inherited)",
					"@executable_path/Frameworks",
				);
				PRODUCT_BUNDLE_IDENTIFIER = com.jefflett.XcodeReleases;
				PRODUCT_NAME = "$(TARGET_NAME)";
				SWIFT_VERSION = 5.0;
				TARGETED_DEVICE_FAMILY = "1,2";
			};
			name = Debug;
		};
		1F30768322CCC7B6006A49C3 /* Release */ = {
			isa = XCBuildConfiguration;
			buildSettings = {
				ASSETCATALOG_COMPILER_APPICON_NAME = AppIcon;
				CODE_SIGN_STYLE = Automatic;
				DEVELOPMENT_ASSET_PATHS = "XcodeReleases/Preview\\ Content";
				DEVELOPMENT_TEAM = NTX63W5EU6;
				ENABLE_PREVIEWS = YES;
				INFOPLIST_FILE = XcodeReleases/Resources/Info.plist;
				LD_RUNPATH_SEARCH_PATHS = (
					"$(inherited)",
					"@executable_path/Frameworks",
				);
				PRODUCT_BUNDLE_IDENTIFIER = com.jefflett.XcodeReleases;
				PRODUCT_NAME = "$(TARGET_NAME)";
				SWIFT_VERSION = 5.0;
				TARGETED_DEVICE_FAMILY = "1,2";
			};
			name = Release;
		};
		1F30768522CCC7B6006A49C3 /* Debug */ = {
			isa = XCBuildConfiguration;
			buildSettings = {
				ALWAYS_EMBED_SWIFT_STANDARD_LIBRARIES = YES;
				BUNDLE_LOADER = "$(TEST_HOST)";
				CODE_SIGN_STYLE = Automatic;
				DEVELOPMENT_TEAM = NTX63W5EU6;
				INFOPLIST_FILE = XcodeReleasesTests/Info.plist;
				LD_RUNPATH_SEARCH_PATHS = (
					"$(inherited)",
					"@executable_path/Frameworks",
					"@loader_path/Frameworks",
				);
				PRODUCT_BUNDLE_IDENTIFIER = com.jefflett.XcodeReleasesTests;
				PRODUCT_NAME = "$(TARGET_NAME)";
				SWIFT_VERSION = 5.0;
				TARGETED_DEVICE_FAMILY = "1,2";
				TEST_HOST = "$(BUILT_PRODUCTS_DIR)/XcodeReleases.app/XcodeReleases";
			};
			name = Debug;
		};
		1F30768622CCC7B6006A49C3 /* Release */ = {
			isa = XCBuildConfiguration;
			buildSettings = {
				ALWAYS_EMBED_SWIFT_STANDARD_LIBRARIES = YES;
				BUNDLE_LOADER = "$(TEST_HOST)";
				CODE_SIGN_STYLE = Automatic;
				DEVELOPMENT_TEAM = NTX63W5EU6;
				INFOPLIST_FILE = XcodeReleasesTests/Info.plist;
				LD_RUNPATH_SEARCH_PATHS = (
					"$(inherited)",
					"@executable_path/Frameworks",
					"@loader_path/Frameworks",
				);
				PRODUCT_BUNDLE_IDENTIFIER = com.jefflett.XcodeReleasesTests;
				PRODUCT_NAME = "$(TARGET_NAME)";
				SWIFT_VERSION = 5.0;
				TARGETED_DEVICE_FAMILY = "1,2";
				TEST_HOST = "$(BUILT_PRODUCTS_DIR)/XcodeReleases.app/XcodeReleases";
			};
			name = Release;
		};
/* End XCBuildConfiguration section */

/* Begin XCConfigurationList section */
		1F30765A22CCC7B4006A49C3 /* Build configuration list for PBXProject "XcodeReleases" */ = {
			isa = XCConfigurationList;
			buildConfigurations = (
				1F30767F22CCC7B6006A49C3 /* Debug */,
				1F30768022CCC7B6006A49C3 /* Release */,
			);
			defaultConfigurationIsVisible = 0;
			defaultConfigurationName = Release;
		};
		1F30768122CCC7B6006A49C3 /* Build configuration list for PBXNativeTarget "XcodeReleases" */ = {
			isa = XCConfigurationList;
			buildConfigurations = (
				1F30768222CCC7B6006A49C3 /* Debug */,
				1F30768322CCC7B6006A49C3 /* Release */,
			);
			defaultConfigurationIsVisible = 0;
			defaultConfigurationName = Release;
		};
		1F30768422CCC7B6006A49C3 /* Build configuration list for PBXNativeTarget "XcodeReleasesTests" */ = {
			isa = XCConfigurationList;
			buildConfigurations = (
				1F30768522CCC7B6006A49C3 /* Debug */,
				1F30768622CCC7B6006A49C3 /* Release */,
			);
			defaultConfigurationIsVisible = 0;
			defaultConfigurationName = Release;
		};
/* End XCConfigurationList section */

/* Begin XCSwiftPackageProductDependency section */
		1F309A9322CF7AAF009B8A62 /* XcodeReleasesKit */ = {
			isa = XCSwiftPackageProductDependency;
			productName = XcodeReleasesKit;
		};
/* End XCSwiftPackageProductDependency section */
	};
	rootObject = 1F30765722CCC7B4006A49C3 /* Project object */;
}
