
<Scheme LastUpgradeVersion="1000" version="1.3">
    <BuildAction parallelizeBuildables="YES" buildImplicitDependencies="YES">
        <BuildActionEntries>
            <BuildActionEntry buildForArchiving="YES" buildForTesting="YES" buildForProfiling="YES" buildForRunning="YES" buildForAnalyzing="YES">
                <BuildableReference BlueprintName="-XcodeReleasesKit" BlueprintIdentifier="0118C72DD06F006200000000" ReferencedContainer="container:XcodeReleases2.xcodeproj" BuildableIdentifier="primary" BuildableName="lib-XcodeReleasesKit.a"></BuildableReference>
            </BuildActionEntry>
        </BuildActionEntries>
        <PreActions>
            <ExecutionAction ActionType="Xcode.IDEStandardExecutionActionsCore.ExecutionActionType.ShellScriptAction">
                <ActionContent title="Run Script" scriptText="">
                    <EnvironmentBuildable>
                        <BuildableReference BlueprintName="-XcodeReleasesKit" BlueprintIdentifier="0118C72DD06F006200000000" ReferencedContainer="container:XcodeReleases2.xcodeproj" BuildableIdentifier="primary" BuildableName="lib-XcodeReleasesKit.a"></BuildableReference>
                    </EnvironmentBuildable>
                </ActionContent>
            </ExecutionAction>
        </PreActions>
        <PostActions>
            <ExecutionAction ActionType="Xcode.IDEStandardExecutionActionsCore.ExecutionActionType.ShellScriptAction">
                <ActionContent title="Run Script" scriptText="">
                    <EnvironmentBuildable>
                        <BuildableReference BlueprintName="-XcodeReleasesKit" BlueprintIdentifier="0118C72DD06F006200000000" ReferencedContainer="container:XcodeReleases2.xcodeproj" BuildableIdentifier="primary" BuildableName="lib-XcodeReleasesKit.a"></BuildableReference>
                    </EnvironmentBuildable>
                </ActionContent>
            </ExecutionAction>
        </PostActions>
    </BuildAction>
    <TestAction buildConfiguration="__TulsiTestRunner_Debug" selectedLauncherIdentifier="Xcode.DebuggerFoundation.Launcher.LLDB" selectedDebuggerIdentifier="Xcode.DebuggerFoundation.Debugger.LLDB" shouldUseLaunchSchemeArgsEnv="YES">
        <Testables></Testables>
        <PreActions>
            <ExecutionAction ActionType="Xcode.IDEStandardExecutionActionsCore.ExecutionActionType.ShellScriptAction">
                <ActionContent title="Run Script" scriptText="">
                    <EnvironmentBuildable>
                        <BuildableReference BlueprintName="-XcodeReleasesKit" BlueprintIdentifier="0118C72DD06F006200000000" ReferencedContainer="container:XcodeReleases2.xcodeproj" BuildableIdentifier="primary" BuildableName="lib-XcodeReleasesKit.a"></BuildableReference>
                    </EnvironmentBuildable>
                </ActionContent>
            </ExecutionAction>
        </PreActions>
        <PostActions>
            <ExecutionAction ActionType="Xcode.IDEStandardExecutionActionsCore.ExecutionActionType.ShellScriptAction">
                <ActionContent title="Run Script" scriptText="">
                    <EnvironmentBuildable>
                        <BuildableReference BlueprintName="-XcodeReleasesKit" BlueprintIdentifier="0118C72DD06F006200000000" ReferencedContainer="container:XcodeReleases2.xcodeproj" BuildableIdentifier="primary" BuildableName="lib-XcodeReleasesKit.a"></BuildableReference>
                    </EnvironmentBuildable>
                </ActionContent>
            </ExecutionAction>
        </PostActions>
        <BuildableProductRunnable runnableDebuggingMode="0">
            <BuildableReference BlueprintName="-XcodeReleasesKit" BlueprintIdentifier="0118C72DD06F006200000000" ReferencedContainer="container:XcodeReleases2.xcodeproj" BuildableIdentifier="primary" BuildableName="lib-XcodeReleasesKit.a"></BuildableReference>
        </BuildableProductRunnable>
    </TestAction>
    <LaunchAction useCustomWorkingDirectory="NO" debugDocumentVersioning="YES" ignoresPersistentStateOnLaunch="NO" allowLocationSimulation="YES" debugServiceExtension="internal" selectedDebuggerIdentifier="Xcode.DebuggerFoundation.Debugger.LLDB" buildConfiguration="Debug" launchStyle="0" selectedLauncherIdentifier="Xcode.DebuggerFoundation.Launcher.LLDB">
        <CommandLineArguments>
            <CommandLineArgument argument="" isEnabled="YES"></CommandLineArgument>
        </CommandLineArguments>
        <EnvironmentVariables></EnvironmentVariables>
        <PreActions>
            <ExecutionAction ActionType="Xcode.IDEStandardExecutionActionsCore.ExecutionActionType.ShellScriptAction">
                <ActionContent title="Run Script" scriptText="">
                    <EnvironmentBuildable>
                        <BuildableReference BlueprintName="-XcodeReleasesKit" BlueprintIdentifier="0118C72DD06F006200000000" ReferencedContainer="container:XcodeReleases2.xcodeproj" BuildableIdentifier="primary" BuildableName="lib-XcodeReleasesKit.a"></BuildableReference>
                    </EnvironmentBuildable>
                </ActionContent>
            </ExecutionAction>
        </PreActions>
        <PostActions>
            <ExecutionAction ActionType="Xcode.IDEStandardExecutionActionsCore.ExecutionActionType.ShellScriptAction">
                <ActionContent title="Run Script" scriptText="">
                    <EnvironmentBuildable>
                        <BuildableReference BlueprintName="-XcodeReleasesKit" BlueprintIdentifier="0118C72DD06F006200000000" ReferencedContainer="container:XcodeReleases2.xcodeproj" BuildableIdentifier="primary" BuildableName="lib-XcodeReleasesKit.a"></BuildableReference>
                    </EnvironmentBuildable>
                </ActionContent>
            </ExecutionAction>
        </PostActions>
        <MacroExpansion>
            <BuildableReference BlueprintName="-XcodeReleasesKit" BlueprintIdentifier="0118C72DD06F006200000000" ReferencedContainer="container:XcodeReleases2.xcodeproj" BuildableIdentifier="primary" BuildableName="lib-XcodeReleasesKit.a"></BuildableReference>
        </MacroExpansion>
    </LaunchAction>
    <ProfileAction buildConfiguration="__TulsiTestRunner_Release" debugDocumentVersioning="YES" shouldUseLaunchSchemeArgsEnv="YES" useCustomWorkingDirectory="NO">
        <MacroExpansion>
            <BuildableReference BlueprintName="-XcodeReleasesKit" BlueprintIdentifier="0118C72DD06F006200000000" ReferencedContainer="container:XcodeReleases2.xcodeproj" BuildableIdentifier="primary" BuildableName="lib-XcodeReleasesKit.a"></BuildableReference>
        </MacroExpansion>
    </ProfileAction>
    <AnalyzeAction buildConfiguration="Debug"></AnalyzeAction>
    <ArchiveAction revealArchiveInOrganizer="YES" buildConfiguration="Release"></ArchiveAction>
</Scheme>