// !$*UTF8*$!
{
	archiveVersion = 1;
	classes = {
	};
	objectVersion = 52;
	objects = {

/* Begin PBXBuildFile section */
		1F130C4F22D21EB200A525CE /* Device+Debugging.swift in Sources */ = {isa = PBXBuildFile; fileRef = 1F130C4E22D21EB200A525CE /* Device+Debugging.swift */; };
		1F174B1922CD5ACB004E2089 /* ReleaseInfoSection.swift in Sources */ = {isa = PBXBuildFile; fileRef = 1F174B1822CD5ACB004E2089 /* ReleaseInfoSection.swift */; };
		1F174B1B22CD5BC2004E2089 /* MockReleases.json in Resources */ = {isa = PBXBuildFile; fileRef = 1F174B1A22CD5BC2004E2089 /* MockReleases.json */; };
		1F174B1D22CD5BD6004E2089 /* MockReleases.swift in Sources */ = {isa = PBXBuildFile; fileRef = 1F174B1C22CD5BD6004E2089 /* MockReleases.swift */; };
		1F174B1F22CD5E52004E2089 /* SDKSection.swift in Sources */ = {isa = PBXBuildFile; fileRef = 1F174B1E22CD5E52004E2089 /* SDKSection.swift */; };
		1F174B2122CD5F4B004E2089 /* LinksSection.swift in Sources */ = {isa = PBXBuildFile; fileRef = 1F174B2022CD5F4B004E2089 /* LinksSection.swift */; };
		1F174B2622CD6D19004E2089 /* XcodeRelease+Identifiable.swift in Sources */ = {isa = PBXBuildFile; fileRef = 1F174B2522CD6D19004E2089 /* XcodeRelease+Identifiable.swift */; };
		1F21433122CD875300464412 /* SettingsView.swift in Sources */ = {isa = PBXBuildFile; fileRef = 1F21433022CD875300464412 /* SettingsView.swift */; };
		1F223E9623B506BE00480A0D /* NotificationsDeniedRow.swift in Sources */ = {isa = PBXBuildFile; fileRef = 1F223E9523B506BE00480A0D /* NotificationsDeniedRow.swift */; };
		1F30766322CCC7B4006A49C3 /* AppDelegate.swift in Sources */ = {isa = PBXBuildFile; fileRef = 1F30766222CCC7B4006A49C3 /* AppDelegate.swift */; };
		1F30766522CCC7B4006A49C3 /* SceneDelegate.swift in Sources */ = {isa = PBXBuildFile; fileRef = 1F30766422CCC7B4006A49C3 /* SceneDelegate.swift */; };
		1F30766A22CCC7B4006A49C3 /* XcodeReleaseList.swift in Sources */ = {isa = PBXBuildFile; fileRef = 1F30766922CCC7B4006A49C3 /* XcodeReleaseList.swift */; };
		1F30766C22CCC7B6006A49C3 /* Assets.xcassets in Resources */ = {isa = PBXBuildFile; fileRef = 1F30766B22CCC7B6006A49C3 /* Assets.xcassets */; };
		1F30766F22CCC7B6006A49C3 /* Preview Assets.xcassets in Resources */ = {isa = PBXBuildFile; fileRef = 1F30766E22CCC7B6006A49C3 /* Preview Assets.xcassets */; };
		1F30767222CCC7B6006A49C3 /* LaunchScreen.storyboard in Resources */ = {isa = PBXBuildFile; fileRef = 1F30767022CCC7B6006A49C3 /* LaunchScreen.storyboard */; };
		1F34989D22D0E4960000E4E8 /* NotificationSection.swift in Sources */ = {isa = PBXBuildFile; fileRef = 1F34989C22D0E4960000E4E8 /* NotificationSection.swift */; };
		1F34989F22D0F9290000E4E8 /* AboutSection.swift in Sources */ = {isa = PBXBuildFile; fileRef = 1F34989E22D0F9290000E4E8 /* AboutSection.swift */; };
		1F3498A122D0FA400000E4E8 /* InfoPList.swift in Sources */ = {isa = PBXBuildFile; fileRef = 1F3498A022D0FA400000E4E8 /* InfoPList.swift */; };
		1F3A225822D206D0006B778D /* NotificationTokenRow.swift in Sources */ = {isa = PBXBuildFile; fileRef = 1F3A225722D206D0006B778D /* NotificationTokenRow.swift */; };
		1F3A225A22D20719006B778D /* NotificationsEnabledRow.swift in Sources */ = {isa = PBXBuildFile; fileRef = 1F3A225922D20719006B778D /* NotificationsEnabledRow.swift */; };
		1F43011623CCA55000B6FBFC /* ComplicationController.swift in Sources */ = {isa = PBXBuildFile; fileRef = 1F43011523CCA55000B6FBFC /* ComplicationController.swift */; };
		1F45A69023CA26DB003B0301 /* Interface.storyboard in Resources */ = {isa = PBXBuildFile; fileRef = 1F45A68E23CA26DB003B0301 /* Interface.storyboard */; };
		1F45A69223CA26DD003B0301 /* Assets.xcassets in Resources */ = {isa = PBXBuildFile; fileRef = 1F45A69123CA26DD003B0301 /* Assets.xcassets */; };
		1F45A69923CA26DD003B0301 /* Watch Extension.appex in Embed App Extensions */ = {isa = PBXBuildFile; fileRef = 1F45A69823CA26DD003B0301 /* Watch Extension.appex */; settings = {ATTRIBUTES = (RemoveHeadersOnCopy, ); }; };
		1F45A6A023CA26DD003B0301 /* ReleasesHostingController.swift in Sources */ = {isa = PBXBuildFile; fileRef = 1F45A69F23CA26DD003B0301 /* ReleasesHostingController.swift */; };
		1F45A6A223CA26DD003B0301 /* ExtensionDelegate.swift in Sources */ = {isa = PBXBuildFile; fileRef = 1F45A6A123CA26DD003B0301 /* ExtensionDelegate.swift */; };
		1F45A6A723CA26DE003B0301 /* Preview Assets.xcassets in Resources */ = {isa = PBXBuildFile; fileRef = 1F45A6A623CA26DE003B0301 /* Preview Assets.xcassets */; };
		1F45A6AB23CA26DE003B0301 /* Watch.app in Embed Watch Content */ = {isa = PBXBuildFile; fileRef = 1F45A68C23CA26DB003B0301 /* Watch.app */; settings = {ATTRIBUTES = (RemoveHeadersOnCopy, ); }; };
		1F45A6B523CA26E6003B0301 /* XcodeReleasesKit in Frameworks */ = {isa = PBXBuildFile; productRef = 1F45A6B423CA26E6003B0301 /* XcodeReleasesKit */; };
		1F45A6B623CA26FD003B0301 /* XcodeReleaseList.swift in Sources */ = {isa = PBXBuildFile; fileRef = 1F30766922CCC7B4006A49C3 /* XcodeReleaseList.swift */; };
		1F45A6B723CA2700003B0301 /* XcodeReleaseRow.swift in Sources */ = {isa = PBXBuildFile; fileRef = 1F5827D622CCFCCE00FAA665 /* XcodeReleaseRow.swift */; };
		1F45A6B823CA2705003B0301 /* XcodeReleaseDetail.swift in Sources */ = {isa = PBXBuildFile; fileRef = 1FB14CD422CCE680000D7552 /* XcodeReleaseDetail.swift */; };
		1F45A6B923CA2724003B0301 /* MockReleases.swift in Sources */ = {isa = PBXBuildFile; fileRef = 1F174B1C22CD5BD6004E2089 /* MockReleases.swift */; };
		1F45A6BA23CA2730003B0301 /* AppState.swift in Sources */ = {isa = PBXBuildFile; fileRef = 1FEFFCD822CCEF7F0060DA61 /* AppState.swift */; };
		1F45A6BB23CA2743003B0301 /* XcodeReleasesService.swift in Sources */ = {isa = PBXBuildFile; fileRef = 1FB14CCF22CCD80F000D7552 /* XcodeReleasesService.swift */; };
		1F45A6BC23CA2749003B0301 /* XcodeReleasesApi.swift in Sources */ = {isa = PBXBuildFile; fileRef = 1F6A985C22D03BAF005785EA /* XcodeReleasesApi.swift */; };
		1F45A6BD23CA2758003B0301 /* Environment.swift in Sources */ = {isa = PBXBuildFile; fileRef = 1F4E6E8623B371A3000666FC /* Environment.swift */; };
		1F45A6BF23CA27AC003B0301 /* XcodeRelease+Identifiable.swift in Sources */ = {isa = PBXBuildFile; fileRef = 1F174B2522CD6D19004E2089 /* XcodeRelease+Identifiable.swift */; };
		1F45A6C223CA27EF003B0301 /* ReleaseInfoSection.swift in Sources */ = {isa = PBXBuildFile; fileRef = 1F174B1822CD5ACB004E2089 /* ReleaseInfoSection.swift */; };
		1F45A6C423CA27F4003B0301 /* SDKSection.swift in Sources */ = {isa = PBXBuildFile; fileRef = 1F174B1E22CD5E52004E2089 /* SDKSection.swift */; };
		1F45A6C523CA2866003B0301 /* UserDefault.swift in Sources */ = {isa = PBXBuildFile; fileRef = 1FE2ACBD22CD82C300A8B239 /* UserDefault.swift */; };
		1F45A6C823CA2D6E003B0301 /* Assets.xcassets in Resources */ = {isa = PBXBuildFile; fileRef = 1F30766B22CCC7B6006A49C3 /* Assets.xcassets */; };
		1F45A6C923CA2DF3003B0301 /* UserNotifications.swift in Sources */ = {isa = PBXBuildFile; fileRef = 1FE2ACC222CD847100A8B239 /* UserNotifications.swift */; };
		1F45A6CC23CA3097003B0301 /* NotificationState.swift in Sources */ = {isa = PBXBuildFile; fileRef = 1F9DF85B23B4104C00C28F30 /* NotificationState.swift */; };
		1F45A6CE23CB51BE003B0301 /* MockReleases.json in Resources */ = {isa = PBXBuildFile; fileRef = 1F174B1A22CD5BC2004E2089 /* MockReleases.json */; };
		1F45A6D023CB56EC003B0301 /* UserNotifications+iOS.swift in Sources */ = {isa = PBXBuildFile; fileRef = 1F45A6CF23CB56EC003B0301 /* UserNotifications+iOS.swift */; };
		1F45A6D323CB58AB003B0301 /* UserNotifications+watchOS.swift in Sources */ = {isa = PBXBuildFile; fileRef = 1F45A6D123CB56F7003B0301 /* UserNotifications+watchOS.swift */; };
		1F4E6E8723B371A3000666FC /* Environment.swift in Sources */ = {isa = PBXBuildFile; fileRef = 1F4E6E8623B371A3000666FC /* Environment.swift */; };
		1F5827D722CCFCCE00FAA665 /* XcodeReleaseRow.swift in Sources */ = {isa = PBXBuildFile; fileRef = 1F5827D622CCFCCE00FAA665 /* XcodeReleaseRow.swift */; };
		1F63B85723CDDF29005CD757 /* PKPushNotifications.swift in Sources */ = {isa = PBXBuildFile; fileRef = 1F63B85523CDDEB3005CD757 /* PKPushNotifications.swift */; };
		1F6A985D22D03BAF005785EA /* XcodeReleasesApi.swift in Sources */ = {isa = PBXBuildFile; fileRef = 1F6A985C22D03BAF005785EA /* XcodeReleasesApi.swift */; };
		1F77446D23CBDD0100699E60 /* InfoPList.swift in Sources */ = {isa = PBXBuildFile; fileRef = 1F3498A022D0FA400000E4E8 /* InfoPList.swift */; };
		1F921BB523CE443000264F85 /* Device+Debugging.swift in Sources */ = {isa = PBXBuildFile; fileRef = 1F130C4E22D21EB200A525CE /* Device+Debugging.swift */; };
		1F97B9BB23CDF9670047AD6A /* APNS in Frameworks */ = {isa = PBXBuildFile; productRef = 1F97B9BA23CDF9670047AD6A /* APNS */; };
		1F97B9BD23CDF9930047AD6A /* APNS in Frameworks */ = {isa = PBXBuildFile; productRef = 1F97B9BC23CDF9930047AD6A /* APNS */; };
		1F9DF85A23B3EB3400C28F30 /* NotificationsFailedRow.swift in Sources */ = {isa = PBXBuildFile; fileRef = 1F9DF85923B3EB3400C28F30 /* NotificationsFailedRow.swift */; };
		1F9DF85C23B4104C00C28F30 /* NotificationState.swift in Sources */ = {isa = PBXBuildFile; fileRef = 1F9DF85B23B4104C00C28F30 /* NotificationState.swift */; };
		1FB14CD022CCD80F000D7552 /* XcodeReleasesService.swift in Sources */ = {isa = PBXBuildFile; fileRef = 1FB14CCF22CCD80F000D7552 /* XcodeReleasesService.swift */; };
		1FB14CD522CCE680000D7552 /* XcodeReleaseDetail.swift in Sources */ = {isa = PBXBuildFile; fileRef = 1FB14CD422CCE680000D7552 /* XcodeReleaseDetail.swift */; };
		1FB6B99923CCB9EC0014E78F /* PushNotificationPayload.apns in Resources */ = {isa = PBXBuildFile; fileRef = 1FB6B95D23CCB9AF0014E78F /* PushNotificationPayload.apns */; };
		1FB6B99C23CCECED0014E78F /* Assets.xcassets in Resources */ = {isa = PBXBuildFile; fileRef = 1FB6B99B23CCECED0014E78F /* Assets.xcassets */; };
		1FBD27D523CF1B9D0090BABD /* SettingsHostingController.swift in Sources */ = {isa = PBXBuildFile; fileRef = 1FBD27D423CF1B9D0090BABD /* SettingsHostingController.swift */; };
		1FBD27D623CF1BD50090BABD /* SettingsView.swift in Sources */ = {isa = PBXBuildFile; fileRef = 1F21433022CD875300464412 /* SettingsView.swift */; };
		1FBD27D723CF1D330090BABD /* AboutSection.swift in Sources */ = {isa = PBXBuildFile; fileRef = 1F34989E22D0F9290000E4E8 /* AboutSection.swift */; };
		1FBD27D823CF1D970090BABD /* NotificationSection.swift in Sources */ = {isa = PBXBuildFile; fileRef = 1F34989C22D0E4960000E4E8 /* NotificationSection.swift */; };
		1FBD27D923CF1DCE0090BABD /* NotificationsEnabledRow.swift in Sources */ = {isa = PBXBuildFile; fileRef = 1F3A225922D20719006B778D /* NotificationsEnabledRow.swift */; };
		1FBD27DA23CF1DD20090BABD /* NotificationsDeniedRow.swift in Sources */ = {isa = PBXBuildFile; fileRef = 1F223E9523B506BE00480A0D /* NotificationsDeniedRow.swift */; };
		1FBD27DB23CF1DD50090BABD /* NotificationTokenRow.swift in Sources */ = {isa = PBXBuildFile; fileRef = 1F3A225722D206D0006B778D /* NotificationTokenRow.swift */; };
		1FBD27DC23CF1DD80090BABD /* NotificationsFailedRow.swift in Sources */ = {isa = PBXBuildFile; fileRef = 1F9DF85923B3EB3400C28F30 /* NotificationsFailedRow.swift */; };
		1FCE4BF123B50B0400FB6586 /* ActivityIndicator.swift in Sources */ = {isa = PBXBuildFile; fileRef = 1FCE4BF023B50B0400FB6586 /* ActivityIndicator.swift */; };
		1FD1AAA2238A15590096DA87 /* TabbedRootView.swift in Sources */ = {isa = PBXBuildFile; fileRef = 1FD1AAA1238A15590096DA87 /* TabbedRootView.swift */; };
		1FD1AAA4238A93FB0096DA87 /* WebViewButton.swift in Sources */ = {isa = PBXBuildFile; fileRef = 1FD1AAA3238A93FB0096DA87 /* WebViewButton.swift */; };
		1FD1AAAA238AB4310096DA87 /* XcodeReleasesKit in Frameworks */ = {isa = PBXBuildFile; productRef = 1FD1AAA9238AB4310096DA87 /* XcodeReleasesKit */; };
		1FE2ACBE22CD82C300A8B239 /* UserDefault.swift in Sources */ = {isa = PBXBuildFile; fileRef = 1FE2ACBD22CD82C300A8B239 /* UserDefault.swift */; };
		1FE2ACC322CD847100A8B239 /* UserNotifications.swift in Sources */ = {isa = PBXBuildFile; fileRef = 1FE2ACC222CD847100A8B239 /* UserNotifications.swift */; };
		1FEFFCD922CCEF800060DA61 /* AppState.swift in Sources */ = {isa = PBXBuildFile; fileRef = 1FEFFCD822CCEF7F0060DA61 /* AppState.swift */; };
		1FF7622522CD42FA0091EAC3 /* WebView.swift in Sources */ = {isa = PBXBuildFile; fileRef = 1FF7622422CD42FA0091EAC3 /* WebView.swift */; };
		1FF7622722CD477D0091EAC3 /* SafariView.swift in Sources */ = {isa = PBXBuildFile; fileRef = 1FF7622622CD477C0091EAC3 /* SafariView.swift */; };
/* End PBXBuildFile section */

/* Begin PBXContainerItemProxy section */
		1F45A69A23CA26DD003B0301 /* PBXContainerItemProxy */ = {
			isa = PBXContainerItemProxy;
			containerPortal = 1F30765722CCC7B4006A49C3 /* Project object */;
			proxyType = 1;
			remoteGlobalIDString = 1F45A69723CA26DD003B0301;
			remoteInfo = "Watch Extension";
		};
		1F45A6A923CA26DE003B0301 /* PBXContainerItemProxy */ = {
			isa = PBXContainerItemProxy;
			containerPortal = 1F30765722CCC7B4006A49C3 /* Project object */;
			proxyType = 1;
			remoteGlobalIDString = 1F45A68B23CA26DB003B0301;
			remoteInfo = Watch;
		};
/* End PBXContainerItemProxy section */

/* Begin PBXCopyFilesBuildPhase section */
		1F45A6AC23CA26DE003B0301 /* Embed Watch Content */ = {
			isa = PBXCopyFilesBuildPhase;
			buildActionMask = 2147483647;
			dstPath = "$(CONTENTS_FOLDER_PATH)/Watch";
			dstSubfolderSpec = 16;
			files = (
				1F45A6AB23CA26DE003B0301 /* Watch.app in Embed Watch Content */,
			);
			name = "Embed Watch Content";
			runOnlyForDeploymentPostprocessing = 0;
		};
		1F45A6AF23CA26DE003B0301 /* Embed App Extensions */ = {
			isa = PBXCopyFilesBuildPhase;
			buildActionMask = 2147483647;
			dstPath = "";
			dstSubfolderSpec = 13;
			files = (
				1F45A69923CA26DD003B0301 /* Watch Extension.appex in Embed App Extensions */,
			);
			name = "Embed App Extensions";
			runOnlyForDeploymentPostprocessing = 0;
		};
/* End PBXCopyFilesBuildPhase section */

/* Begin PBXFileReference section */
		1F0135582391D1DA00C9EEA8 /* XcodeReleasesRelease.entitlements */ = {isa = PBXFileReference; lastKnownFileType = text.plist.entitlements; path = XcodeReleasesRelease.entitlements; sourceTree = "<group>"; };
		1F130C4E22D21EB200A525CE /* Device+Debugging.swift */ = {isa = PBXFileReference; lastKnownFileType = sourcecode.swift; path = "Device+Debugging.swift"; sourceTree = "<group>"; };
		1F174B1822CD5ACB004E2089 /* ReleaseInfoSection.swift */ = {isa = PBXFileReference; lastKnownFileType = sourcecode.swift; path = ReleaseInfoSection.swift; sourceTree = "<group>"; };
		1F174B1A22CD5BC2004E2089 /* MockReleases.json */ = {isa = PBXFileReference; fileEncoding = 4; lastKnownFileType = text.json; path = MockReleases.json; sourceTree = "<group>"; };
		1F174B1C22CD5BD6004E2089 /* MockReleases.swift */ = {isa = PBXFileReference; lastKnownFileType = sourcecode.swift; path = MockReleases.swift; sourceTree = "<group>"; };
		1F174B1E22CD5E52004E2089 /* SDKSection.swift */ = {isa = PBXFileReference; lastKnownFileType = sourcecode.swift; path = SDKSection.swift; sourceTree = "<group>"; };
		1F174B2022CD5F4B004E2089 /* LinksSection.swift */ = {isa = PBXFileReference; lastKnownFileType = sourcecode.swift; path = LinksSection.swift; sourceTree = "<group>"; };
		1F174B2522CD6D19004E2089 /* XcodeRelease+Identifiable.swift */ = {isa = PBXFileReference; lastKnownFileType = sourcecode.swift; path = "XcodeRelease+Identifiable.swift"; sourceTree = "<group>"; };
		1F21432F22CD861E00464412 /* XcodeReleasesDebug.entitlements */ = {isa = PBXFileReference; lastKnownFileType = text.plist.entitlements; path = XcodeReleasesDebug.entitlements; sourceTree = "<group>"; };
		1F21433022CD875300464412 /* SettingsView.swift */ = {isa = PBXFileReference; fileEncoding = 4; lastKnownFileType = sourcecode.swift; path = SettingsView.swift; sourceTree = "<group>"; };
		1F223E9523B506BE00480A0D /* NotificationsDeniedRow.swift */ = {isa = PBXFileReference; lastKnownFileType = sourcecode.swift; path = NotificationsDeniedRow.swift; sourceTree = "<group>"; };
		1F30765F22CCC7B4006A49C3 /* Xcode Releases.app */ = {isa = PBXFileReference; explicitFileType = wrapper.application; includeInIndex = 0; path = "Xcode Releases.app"; sourceTree = BUILT_PRODUCTS_DIR; };
		1F30766222CCC7B4006A49C3 /* AppDelegate.swift */ = {isa = PBXFileReference; lastKnownFileType = sourcecode.swift; path = AppDelegate.swift; sourceTree = "<group>"; };
		1F30766422CCC7B4006A49C3 /* SceneDelegate.swift */ = {isa = PBXFileReference; lastKnownFileType = sourcecode.swift; path = SceneDelegate.swift; sourceTree = "<group>"; };
		1F30766922CCC7B4006A49C3 /* XcodeReleaseList.swift */ = {isa = PBXFileReference; lastKnownFileType = sourcecode.swift; path = XcodeReleaseList.swift; sourceTree = "<group>"; };
		1F30766B22CCC7B6006A49C3 /* Assets.xcassets */ = {isa = PBXFileReference; lastKnownFileType = folder.assetcatalog; path = Assets.xcassets; sourceTree = "<group>"; };
		1F30766E22CCC7B6006A49C3 /* Preview Assets.xcassets */ = {isa = PBXFileReference; lastKnownFileType = folder.assetcatalog; path = "Preview Assets.xcassets"; sourceTree = "<group>"; };
		1F30767122CCC7B6006A49C3 /* Base */ = {isa = PBXFileReference; lastKnownFileType = file.storyboard; name = Base; path = Base.lproj/LaunchScreen.storyboard; sourceTree = "<group>"; };
		1F30767322CCC7B6006A49C3 /* Info.plist */ = {isa = PBXFileReference; lastKnownFileType = text.plist.xml; path = Info.plist; sourceTree = "<group>"; };
		1F30767C22CCC7B6006A49C3 /* XcodeReleasesTests.swift */ = {isa = PBXFileReference; lastKnownFileType = sourcecode.swift; path = XcodeReleasesTests.swift; sourceTree = "<group>"; };
		1F30767E22CCC7B6006A49C3 /* Info.plist */ = {isa = PBXFileReference; lastKnownFileType = text.plist.xml; path = Info.plist; sourceTree = "<group>"; };
		1F34989C22D0E4960000E4E8 /* NotificationSection.swift */ = {isa = PBXFileReference; lastKnownFileType = sourcecode.swift; path = NotificationSection.swift; sourceTree = "<group>"; };
		1F34989E22D0F9290000E4E8 /* AboutSection.swift */ = {isa = PBXFileReference; lastKnownFileType = sourcecode.swift; path = AboutSection.swift; sourceTree = "<group>"; };
		1F3498A022D0FA400000E4E8 /* InfoPList.swift */ = {isa = PBXFileReference; lastKnownFileType = sourcecode.swift; path = InfoPList.swift; sourceTree = "<group>"; };
		1F3A225722D206D0006B778D /* NotificationTokenRow.swift */ = {isa = PBXFileReference; lastKnownFileType = sourcecode.swift; path = NotificationTokenRow.swift; sourceTree = "<group>"; };
		1F3A225922D20719006B778D /* NotificationsEnabledRow.swift */ = {isa = PBXFileReference; lastKnownFileType = sourcecode.swift; path = NotificationsEnabledRow.swift; sourceTree = "<group>"; };
		1F43011523CCA55000B6FBFC /* ComplicationController.swift */ = {isa = PBXFileReference; lastKnownFileType = sourcecode.swift; path = ComplicationController.swift; sourceTree = "<group>"; };
		1F45A68C23CA26DB003B0301 /* Watch.app */ = {isa = PBXFileReference; explicitFileType = wrapper.application; includeInIndex = 0; path = Watch.app; sourceTree = BUILT_PRODUCTS_DIR; };
		1F45A68F23CA26DB003B0301 /* Base */ = {isa = PBXFileReference; lastKnownFileType = file.storyboard; name = Base; path = Base.lproj/Interface.storyboard; sourceTree = "<group>"; };
		1F45A69123CA26DD003B0301 /* Assets.xcassets */ = {isa = PBXFileReference; lastKnownFileType = folder.assetcatalog; path = Assets.xcassets; sourceTree = "<group>"; };
		1F45A69323CA26DD003B0301 /* Info.plist */ = {isa = PBXFileReference; lastKnownFileType = text.plist.xml; path = Info.plist; sourceTree = "<group>"; };
		1F45A69823CA26DD003B0301 /* Watch Extension.appex */ = {isa = PBXFileReference; explicitFileType = "wrapper.app-extension"; includeInIndex = 0; path = "Watch Extension.appex"; sourceTree = BUILT_PRODUCTS_DIR; };
		1F45A69F23CA26DD003B0301 /* ReleasesHostingController.swift */ = {isa = PBXFileReference; lastKnownFileType = sourcecode.swift; path = ReleasesHostingController.swift; sourceTree = "<group>"; };
		1F45A6A123CA26DD003B0301 /* ExtensionDelegate.swift */ = {isa = PBXFileReference; lastKnownFileType = sourcecode.swift; path = ExtensionDelegate.swift; sourceTree = "<group>"; };
		1F45A6A623CA26DE003B0301 /* Preview Assets.xcassets */ = {isa = PBXFileReference; lastKnownFileType = folder.assetcatalog; path = "Preview Assets.xcassets"; sourceTree = "<group>"; };
		1F45A6A823CA26DE003B0301 /* Info.plist */ = {isa = PBXFileReference; lastKnownFileType = text.plist.xml; path = Info.plist; sourceTree = "<group>"; };
		1F45A6CF23CB56EC003B0301 /* UserNotifications+iOS.swift */ = {isa = PBXFileReference; lastKnownFileType = sourcecode.swift; path = "UserNotifications+iOS.swift"; sourceTree = "<group>"; };
		1F45A6D123CB56F7003B0301 /* UserNotifications+watchOS.swift */ = {isa = PBXFileReference; lastKnownFileType = sourcecode.swift; path = "UserNotifications+watchOS.swift"; sourceTree = "<group>"; };
		1F45A6D423CB5EC2003B0301 /* Watch ExtensionDebug.entitlements */ = {isa = PBXFileReference; lastKnownFileType = text.plist.entitlements; path = "Watch ExtensionDebug.entitlements"; sourceTree = "<group>"; };
		1F45A6D523CB5F1B003B0301 /* Watch ExtensionRelease.entitlements */ = {isa = PBXFileReference; lastKnownFileType = text.plist.entitlements; path = "Watch ExtensionRelease.entitlements"; sourceTree = "<group>"; };
		1F45A6D623CB5FB1003B0301 /* WatchDebug.entitlements */ = {isa = PBXFileReference; lastKnownFileType = text.plist.entitlements; path = WatchDebug.entitlements; sourceTree = "<group>"; };
		1F4E6E8623B371A3000666FC /* Environment.swift */ = {isa = PBXFileReference; lastKnownFileType = sourcecode.swift; path = Environment.swift; sourceTree = "<group>"; };
		1F5827D622CCFCCE00FAA665 /* XcodeReleaseRow.swift */ = {isa = PBXFileReference; lastKnownFileType = sourcecode.swift; path = XcodeReleaseRow.swift; sourceTree = "<group>"; };
		1F63B85523CDDEB3005CD757 /* PKPushNotifications.swift */ = {isa = PBXFileReference; lastKnownFileType = sourcecode.swift; path = PKPushNotifications.swift; sourceTree = "<group>"; };
		1F6A985C22D03BAF005785EA /* XcodeReleasesApi.swift */ = {isa = PBXFileReference; lastKnownFileType = sourcecode.swift; path = XcodeReleasesApi.swift; sourceTree = "<group>"; };
		1F921BB623CE6EA900264F85 /* APNS */ = {isa = PBXFileReference; lastKnownFileType = folder; name = APNS; path = ../APNS; sourceTree = "<group>"; };
		1F921BB723CE6ED900264F85 /* XcodeReleasesKit */ = {isa = PBXFileReference; lastKnownFileType = folder; name = XcodeReleasesKit; path = ../XcodeReleasesKit; sourceTree = "<group>"; };
		1F9DF85923B3EB3400C28F30 /* NotificationsFailedRow.swift */ = {isa = PBXFileReference; lastKnownFileType = sourcecode.swift; path = NotificationsFailedRow.swift; sourceTree = "<group>"; };
		1F9DF85B23B4104C00C28F30 /* NotificationState.swift */ = {isa = PBXFileReference; lastKnownFileType = sourcecode.swift; path = NotificationState.swift; sourceTree = "<group>"; };
		1FB14CCF22CCD80F000D7552 /* XcodeReleasesService.swift */ = {isa = PBXFileReference; lastKnownFileType = sourcecode.swift; path = XcodeReleasesService.swift; sourceTree = "<group>"; };
		1FB14CD422CCE680000D7552 /* XcodeReleaseDetail.swift */ = {isa = PBXFileReference; lastKnownFileType = sourcecode.swift; path = XcodeReleaseDetail.swift; sourceTree = "<group>"; };
		1FB6B95D23CCB9AF0014E78F /* PushNotificationPayload.apns */ = {isa = PBXFileReference; lastKnownFileType = text; path = PushNotificationPayload.apns; sourceTree = "<group>"; };
		1FB6B99B23CCECED0014E78F /* Assets.xcassets */ = {isa = PBXFileReference; lastKnownFileType = folder.assetcatalog; path = Assets.xcassets; sourceTree = "<group>"; };
		1FBD27D423CF1B9D0090BABD /* SettingsHostingController.swift */ = {isa = PBXFileReference; lastKnownFileType = sourcecode.swift; path = SettingsHostingController.swift; sourceTree = "<group>"; };
		1FCE4BF023B50B0400FB6586 /* ActivityIndicator.swift */ = {isa = PBXFileReference; lastKnownFileType = sourcecode.swift; path = ActivityIndicator.swift; sourceTree = "<group>"; };
		1FD1AAA1238A15590096DA87 /* TabbedRootView.swift */ = {isa = PBXFileReference; lastKnownFileType = sourcecode.swift; path = TabbedRootView.swift; sourceTree = "<group>"; };
		1FD1AAA3238A93FB0096DA87 /* WebViewButton.swift */ = {isa = PBXFileReference; lastKnownFileType = sourcecode.swift; path = WebViewButton.swift; sourceTree = "<group>"; };
		1FE2ACBD22CD82C300A8B239 /* UserDefault.swift */ = {isa = PBXFileReference; lastKnownFileType = sourcecode.swift; path = UserDefault.swift; sourceTree = "<group>"; };
		1FE2ACC222CD847100A8B239 /* UserNotifications.swift */ = {isa = PBXFileReference; lastKnownFileType = sourcecode.swift; path = UserNotifications.swift; sourceTree = "<group>"; };
		1FEFFCD822CCEF7F0060DA61 /* AppState.swift */ = {isa = PBXFileReference; lastKnownFileType = sourcecode.swift; path = AppState.swift; sourceTree = "<group>"; };
		1FF7622422CD42FA0091EAC3 /* WebView.swift */ = {isa = PBXFileReference; lastKnownFileType = sourcecode.swift; path = WebView.swift; sourceTree = "<group>"; };
		1FF7622622CD477C0091EAC3 /* SafariView.swift */ = {isa = PBXFileReference; lastKnownFileType = sourcecode.swift; path = SafariView.swift; sourceTree = "<group>"; };
/* End PBXFileReference section */

/* Begin PBXFrameworksBuildPhase section */
		1F30765C22CCC7B4006A49C3 /* Frameworks */ = {
			isa = PBXFrameworksBuildPhase;
			buildActionMask = 2147483647;
			files = (
				1FD1AAAA238AB4310096DA87 /* XcodeReleasesKit in Frameworks */,
				1F97B9BB23CDF9670047AD6A /* APNS in Frameworks */,
			);
			runOnlyForDeploymentPostprocessing = 0;
		};
		1F45A69523CA26DD003B0301 /* Frameworks */ = {
			isa = PBXFrameworksBuildPhase;
			buildActionMask = 2147483647;
			files = (
				1F97B9BD23CDF9930047AD6A /* APNS in Frameworks */,
				1F45A6B523CA26E6003B0301 /* XcodeReleasesKit in Frameworks */,
			);
			runOnlyForDeploymentPostprocessing = 0;
		};
/* End PBXFrameworksBuildPhase section */

/* Begin PBXGroup section */
		1F174B2222CD5FB5004E2089 /* Webviews */ = {
			isa = PBXGroup;
			children = (
				1FF7622622CD477C0091EAC3 /* SafariView.swift */,
				1FF7622422CD42FA0091EAC3 /* WebView.swift */,
				1FD1AAA3238A93FB0096DA87 /* WebViewButton.swift */,
			);
			path = Webviews;
			sourceTree = "<group>";
		};
		1F174B2322CD5FBE004E2089 /* XcodeReleaseDetail */ = {
			isa = PBXGroup;
			children = (
				1F174B2022CD5F4B004E2089 /* LinksSection.swift */,
				1F174B1822CD5ACB004E2089 /* ReleaseInfoSection.swift */,
				1F174B1E22CD5E52004E2089 /* SDKSection.swift */,
				1FB14CD422CCE680000D7552 /* XcodeReleaseDetail.swift */,
			);
			path = XcodeReleaseDetail;
			sourceTree = "<group>";
		};
		1F174B2422CD6CFD004E2089 /* Extensions */ = {
			isa = PBXGroup;
			children = (
				1F174B2522CD6D19004E2089 /* XcodeRelease+Identifiable.swift */,
				1F130C4E22D21EB200A525CE /* Device+Debugging.swift */,
			);
			path = Extensions;
			sourceTree = "<group>";
		};
		1F2B370D22CD6DCE009118FE /* XcodeReleaseList */ = {
			isa = PBXGroup;
			children = (
				1F30766922CCC7B4006A49C3 /* XcodeReleaseList.swift */,
				1F5827D622CCFCCE00FAA665 /* XcodeReleaseRow.swift */,
			);
			path = XcodeReleaseList;
			sourceTree = "<group>";
		};
		1F30765622CCC7B4006A49C3 = {
			isa = PBXGroup;
			children = (
				1F30766122CCC7B4006A49C3 /* XcodeReleases */,
				1F30767B22CCC7B6006A49C3 /* XcodeReleasesTests */,
				1F45A68D23CA26DB003B0301 /* Watch */,
				1F45A69C23CA26DD003B0301 /* Watch Extension */,
				1F30766022CCC7B4006A49C3 /* Products */,
				1F921BB623CE6EA900264F85 /* APNS */,
				1F921BB723CE6ED900264F85 /* XcodeReleasesKit */,
				1FB14CD122CCDA35000D7552 /* Frameworks */,
			);
			sourceTree = "<group>";
		};
		1F30766022CCC7B4006A49C3 /* Products */ = {
			isa = PBXGroup;
			children = (
				1F30765F22CCC7B4006A49C3 /* Xcode Releases.app */,
				1F45A68C23CA26DB003B0301 /* Watch.app */,
				1F45A69823CA26DD003B0301 /* Watch Extension.appex */,
			);
			name = Products;
			sourceTree = "<group>";
		};
		1F30766122CCC7B4006A49C3 /* XcodeReleases */ = {
			isa = PBXGroup;
			children = (
				1F0135582391D1DA00C9EEA8 /* XcodeReleasesRelease.entitlements */,
				1F21432F22CD861E00464412 /* XcodeReleasesDebug.entitlements */,
				1FE2ACC122CD846300A8B239 /* Notifications */,
				1F174B2422CD6CFD004E2089 /* Extensions */,
				1FEFFCDA22CCF9D00060DA61 /* Launch */,
				1FE2ACBC22CD82AC00A8B239 /* Persistence */,
				1F30766D22CCC7B6006A49C3 /* Preview Content */,
				1F5827D222CCF9EF00FAA665 /* Resources */,
				1F5827D522CCFA0A00FAA665 /* Service */,
				1FEFFCDB22CCF9D70060DA61 /* State */,
				1F5827D422CCFA0200FAA665 /* View */,
			);
			path = XcodeReleases;
			sourceTree = "<group>";
		};
		1F30766D22CCC7B6006A49C3 /* Preview Content */ = {
			isa = PBXGroup;
			children = (
				1F174B1A22CD5BC2004E2089 /* MockReleases.json */,
				1F174B1C22CD5BD6004E2089 /* MockReleases.swift */,
				1F30766E22CCC7B6006A49C3 /* Preview Assets.xcassets */,
			);
			path = "Preview Content";
			sourceTree = "<group>";
		};
		1F30767B22CCC7B6006A49C3 /* XcodeReleasesTests */ = {
			isa = PBXGroup;
			children = (
				1F30767C22CCC7B6006A49C3 /* XcodeReleasesTests.swift */,
				1F30767E22CCC7B6006A49C3 /* Info.plist */,
			);
			path = XcodeReleasesTests;
			sourceTree = "<group>";
		};
		1F45A68D23CA26DB003B0301 /* Watch */ = {
			isa = PBXGroup;
			children = (
				1F45A6D623CB5FB1003B0301 /* WatchDebug.entitlements */,
				1F45A68E23CA26DB003B0301 /* Interface.storyboard */,
				1F45A69123CA26DD003B0301 /* Assets.xcassets */,
				1F45A69323CA26DD003B0301 /* Info.plist */,
			);
			path = Watch;
			sourceTree = "<group>";
		};
		1F45A69C23CA26DD003B0301 /* Watch Extension */ = {
			isa = PBXGroup;
			children = (
				1FB6B99B23CCECED0014E78F /* Assets.xcassets */,
				1F43011523CCA55000B6FBFC /* ComplicationController.swift */,
				1F45A6A123CA26DD003B0301 /* ExtensionDelegate.swift */,
				1F45A6A823CA26DE003B0301 /* Info.plist */,
				1F45A6A523CA26DE003B0301 /* Preview Content */,
				1FB6B95D23CCB9AF0014E78F /* PushNotificationPayload.apns */,
				1F45A69F23CA26DD003B0301 /* ReleasesHostingController.swift */,
				1FBD27D423CF1B9D0090BABD /* SettingsHostingController.swift */,
				1F45A6D423CB5EC2003B0301 /* Watch ExtensionDebug.entitlements */,
				1F45A6D523CB5F1B003B0301 /* Watch ExtensionRelease.entitlements */,
			);
			path = "Watch Extension";
			sourceTree = "<group>";
		};
		1F45A6A523CA26DE003B0301 /* Preview Content */ = {
			isa = PBXGroup;
			children = (
				1F45A6A623CA26DE003B0301 /* Preview Assets.xcassets */,
			);
			path = "Preview Content";
			sourceTree = "<group>";
		};
		1F5827D222CCF9EF00FAA665 /* Resources */ = {
			isa = PBXGroup;
			children = (
				1F30766B22CCC7B6006A49C3 /* Assets.xcassets */,
				1F30767322CCC7B6006A49C3 /* Info.plist */,
				1F3498A022D0FA400000E4E8 /* InfoPList.swift */,
				1F30767022CCC7B6006A49C3 /* LaunchScreen.storyboard */,
			);
			path = Resources;
			sourceTree = "<group>";
		};
		1F5827D422CCFA0200FAA665 /* View */ = {
			isa = PBXGroup;
			children = (
				1FCE4BF023B50B0400FB6586 /* ActivityIndicator.swift */,
				1FD1AAA0238A15490096DA87 /* Root */,
				1FE2ACBB22CD7E2A00A8B239 /* Settings */,
				1F174B2222CD5FB5004E2089 /* Webviews */,
				1F174B2322CD5FBE004E2089 /* XcodeReleaseDetail */,
				1F2B370D22CD6DCE009118FE /* XcodeReleaseList */,
			);
			path = View;
			sourceTree = "<group>";
		};
		1F5827D522CCFA0A00FAA665 /* Service */ = {
			isa = PBXGroup;
			children = (
				1F4E6E8623B371A3000666FC /* Environment.swift */,
				1F6A985C22D03BAF005785EA /* XcodeReleasesApi.swift */,
				1FB14CCF22CCD80F000D7552 /* XcodeReleasesService.swift */,
			);
			path = Service;
			sourceTree = "<group>";
		};
		1FB14CD122CCDA35000D7552 /* Frameworks */ = {
			isa = PBXGroup;
			children = (
			);
			name = Frameworks;
			sourceTree = "<group>";
		};
		1FD1AAA0238A15490096DA87 /* Root */ = {
			isa = PBXGroup;
			children = (
				1FD1AAA1238A15590096DA87 /* TabbedRootView.swift */,
			);
			path = Root;
			sourceTree = "<group>";
		};
		1FE2ACBB22CD7E2A00A8B239 /* Settings */ = {
			isa = PBXGroup;
			children = (
				1F34989E22D0F9290000E4E8 /* AboutSection.swift */,
				1FF9F09522D2094B00DBD6D3 /* Notification */,
				1F34989C22D0E4960000E4E8 /* NotificationSection.swift */,
				1F21433022CD875300464412 /* SettingsView.swift */,
			);
			path = Settings;
			sourceTree = "<group>";
		};
		1FE2ACBC22CD82AC00A8B239 /* Persistence */ = {
			isa = PBXGroup;
			children = (
				1FE2ACBD22CD82C300A8B239 /* UserDefault.swift */,
			);
			path = Persistence;
			sourceTree = "<group>";
		};
		1FE2ACC122CD846300A8B239 /* Notifications */ = {
			isa = PBXGroup;
			children = (
				1FE2ACC222CD847100A8B239 /* UserNotifications.swift */,
				1F45A6D123CB56F7003B0301 /* UserNotifications+watchOS.swift */,
				1F45A6CF23CB56EC003B0301 /* UserNotifications+iOS.swift */,
				1F63B85523CDDEB3005CD757 /* PKPushNotifications.swift */,
			);
			path = Notifications;
			sourceTree = "<group>";
		};
		1FEFFCDA22CCF9D00060DA61 /* Launch */ = {
			isa = PBXGroup;
			children = (
				1F30766222CCC7B4006A49C3 /* AppDelegate.swift */,
				1F30766422CCC7B4006A49C3 /* SceneDelegate.swift */,
			);
			path = Launch;
			sourceTree = "<group>";
		};
		1FEFFCDB22CCF9D70060DA61 /* State */ = {
			isa = PBXGroup;
			children = (
				1FEFFCD822CCEF7F0060DA61 /* AppState.swift */,
				1F9DF85B23B4104C00C28F30 /* NotificationState.swift */,
			);
			path = State;
			sourceTree = "<group>";
		};
		1FF9F09522D2094B00DBD6D3 /* Notification */ = {
			isa = PBXGroup;
			children = (
				1F3A225922D20719006B778D /* NotificationsEnabledRow.swift */,
				1F223E9523B506BE00480A0D /* NotificationsDeniedRow.swift */,
				1F3A225722D206D0006B778D /* NotificationTokenRow.swift */,
				1F9DF85923B3EB3400C28F30 /* NotificationsFailedRow.swift */,
			);
			path = Notification;
			sourceTree = "<group>";
		};
/* End PBXGroup section */

/* Begin PBXNativeTarget section */
		1F30765E22CCC7B4006A49C3 /* Xcode Releases */ = {
			isa = PBXNativeTarget;
			buildConfigurationList = 1F30768122CCC7B6006A49C3 /* Build configuration list for PBXNativeTarget "Xcode Releases" */;
			buildPhases = (
				1F30765B22CCC7B4006A49C3 /* Sources */,
				1F30765C22CCC7B4006A49C3 /* Frameworks */,
				1F30765D22CCC7B4006A49C3 /* Resources */,
				1F45A6AC23CA26DE003B0301 /* Embed Watch Content */,
			);
			buildRules = (
			);
			dependencies = (
				1F45A6AA23CA26DE003B0301 /* PBXTargetDependency */,
			);
			name = "Xcode Releases";
			packageProductDependencies = (
				1FD1AAA9238AB4310096DA87 /* XcodeReleasesKit */,
				1F97B9BA23CDF9670047AD6A /* APNS */,
			);
			productName = XcodeReleases;
			productReference = 1F30765F22CCC7B4006A49C3 /* Xcode Releases.app */;
			productType = "com.apple.product-type.application";
		};
		1F45A68B23CA26DB003B0301 /* Watch */ = {
			isa = PBXNativeTarget;
			buildConfigurationList = 1F45A6B323CA26DE003B0301 /* Build configuration list for PBXNativeTarget "Watch" */;
			buildPhases = (
				1F45A68A23CA26DB003B0301 /* Resources */,
				1F45A6AF23CA26DE003B0301 /* Embed App Extensions */,
			);
			buildRules = (
			);
			dependencies = (
				1F45A69B23CA26DD003B0301 /* PBXTargetDependency */,
			);
			name = Watch;
			productName = Watch;
			productReference = 1F45A68C23CA26DB003B0301 /* Watch.app */;
			productType = "com.apple.product-type.application.watchapp2";
		};
		1F45A69723CA26DD003B0301 /* Watch Extension */ = {
			isa = PBXNativeTarget;
			buildConfigurationList = 1F45A6B223CA26DE003B0301 /* Build configuration list for PBXNativeTarget "Watch Extension" */;
			buildPhases = (
				1F45A69423CA26DD003B0301 /* Sources */,
				1F45A69523CA26DD003B0301 /* Frameworks */,
				1F45A69623CA26DD003B0301 /* Resources */,
			);
			buildRules = (
			);
			dependencies = (
			);
			name = "Watch Extension";
			packageProductDependencies = (
				1F45A6B423CA26E6003B0301 /* XcodeReleasesKit */,
				1F97B9BC23CDF9930047AD6A /* APNS */,
			);
			productName = "Watch Extension";
			productReference = 1F45A69823CA26DD003B0301 /* Watch Extension.appex */;
			productType = "com.apple.product-type.watchkit2-extension";
		};
/* End PBXNativeTarget section */

/* Begin PBXProject section */
		1F30765722CCC7B4006A49C3 /* Project object */ = {
			isa = PBXProject;
			attributes = {
				LastSwiftUpdateCheck = 1130;
				LastUpgradeCheck = 1100;
				ORGANIZATIONNAME = "Jeff Lett";
				TargetAttributes = {
					1F30765E22CCC7B4006A49C3 = {
						CreatedOnToolsVersion = 11.0;
					};
					1F45A68B23CA26DB003B0301 = {
						CreatedOnToolsVersion = 11.3;
					};
					1F45A69723CA26DD003B0301 = {
						CreatedOnToolsVersion = 11.3;
					};
				};
			};
			buildConfigurationList = 1F30765A22CCC7B4006A49C3 /* Build configuration list for PBXProject "XcodeReleases" */;
			compatibilityVersion = "Xcode 9.3";
			developmentRegion = en;
			hasScannedForEncodings = 0;
			knownRegions = (
				en,
				Base,
			);
			mainGroup = 1F30765622CCC7B4006A49C3;
			packageReferences = (
				1FD1AAA8238AB4310096DA87 /* XCRemoteSwiftPackageReference "XcodeReleasesKit" */,
				1F97B9B523CDF9670047AD6A /* XCRemoteSwiftPackageReference "APNS" */,
			);
			productRefGroup = 1F30766022CCC7B4006A49C3 /* Products */;
			projectDirPath = "";
			projectRoot = "";
			targets = (
				1F30765E22CCC7B4006A49C3 /* Xcode Releases */,
				1F45A68B23CA26DB003B0301 /* Watch */,
				1F45A69723CA26DD003B0301 /* Watch Extension */,
			);
		};
/* End PBXProject section */

/* Begin PBXResourcesBuildPhase section */
		1F30765D22CCC7B4006A49C3 /* Resources */ = {
			isa = PBXResourcesBuildPhase;
			buildActionMask = 2147483647;
			files = (
				1F30767222CCC7B6006A49C3 /* LaunchScreen.storyboard in Resources */,
				1F174B1B22CD5BC2004E2089 /* MockReleases.json in Resources */,
				1F30766F22CCC7B6006A49C3 /* Preview Assets.xcassets in Resources */,
				1F30766C22CCC7B6006A49C3 /* Assets.xcassets in Resources */,
			);
			runOnlyForDeploymentPostprocessing = 0;
		};
		1F45A68A23CA26DB003B0301 /* Resources */ = {
			isa = PBXResourcesBuildPhase;
			buildActionMask = 2147483647;
			files = (
				1F45A69223CA26DD003B0301 /* Assets.xcassets in Resources */,
				1F45A69023CA26DB003B0301 /* Interface.storyboard in Resources */,
			);
			runOnlyForDeploymentPostprocessing = 0;
		};
		1F45A69623CA26DD003B0301 /* Resources */ = {
			isa = PBXResourcesBuildPhase;
			buildActionMask = 2147483647;
			files = (
				1F45A6A723CA26DE003B0301 /* Preview Assets.xcassets in Resources */,
				1F45A6C823CA2D6E003B0301 /* Assets.xcassets in Resources */,
				1F45A6CE23CB51BE003B0301 /* MockReleases.json in Resources */,
				1FB6B99C23CCECED0014E78F /* Assets.xcassets in Resources */,
				1FB6B99923CCB9EC0014E78F /* PushNotificationPayload.apns in Resources */,
			);
			runOnlyForDeploymentPostprocessing = 0;
		};
/* End PBXResourcesBuildPhase section */

/* Begin PBXSourcesBuildPhase section */
		1F30765B22CCC7B4006A49C3 /* Sources */ = {
			isa = PBXSourcesBuildPhase;
			buildActionMask = 2147483647;
			files = (
				1F6A985D22D03BAF005785EA /* XcodeReleasesApi.swift in Sources */,
				1FD1AAA4238A93FB0096DA87 /* WebViewButton.swift in Sources */,
				1FE2ACBE22CD82C300A8B239 /* UserDefault.swift in Sources */,
				1F34989D22D0E4960000E4E8 /* NotificationSection.swift in Sources */,
				1FD1AAA2238A15590096DA87 /* TabbedRootView.swift in Sources */,
				1F45A6D023CB56EC003B0301 /* UserNotifications+iOS.swift in Sources */,
				1F5827D722CCFCCE00FAA665 /* XcodeReleaseRow.swift in Sources */,
				1F174B2122CD5F4B004E2089 /* LinksSection.swift in Sources */,
				1F21433122CD875300464412 /* SettingsView.swift in Sources */,
				1F130C4F22D21EB200A525CE /* Device+Debugging.swift in Sources */,
				1F174B1D22CD5BD6004E2089 /* MockReleases.swift in Sources */,
				1F223E9623B506BE00480A0D /* NotificationsDeniedRow.swift in Sources */,
				1FF7622522CD42FA0091EAC3 /* WebView.swift in Sources */,
				1FB14CD022CCD80F000D7552 /* XcodeReleasesService.swift in Sources */,
				1F9DF85C23B4104C00C28F30 /* NotificationState.swift in Sources */,
				1FB14CD522CCE680000D7552 /* XcodeReleaseDetail.swift in Sources */,
				1FF7622722CD477D0091EAC3 /* SafariView.swift in Sources */,
				1F9DF85A23B3EB3400C28F30 /* NotificationsFailedRow.swift in Sources */,
				1FEFFCD922CCEF800060DA61 /* AppState.swift in Sources */,
				1F3498A122D0FA400000E4E8 /* InfoPList.swift in Sources */,
				1F174B2622CD6D19004E2089 /* XcodeRelease+Identifiable.swift in Sources */,
				1F3A225822D206D0006B778D /* NotificationTokenRow.swift in Sources */,
				1F30766322CCC7B4006A49C3 /* AppDelegate.swift in Sources */,
				1F3A225A22D20719006B778D /* NotificationsEnabledRow.swift in Sources */,
				1F174B1F22CD5E52004E2089 /* SDKSection.swift in Sources */,
				1FCE4BF123B50B0400FB6586 /* ActivityIndicator.swift in Sources */,
				1F30766A22CCC7B4006A49C3 /* XcodeReleaseList.swift in Sources */,
				1F4E6E8723B371A3000666FC /* Environment.swift in Sources */,
				1F174B1922CD5ACB004E2089 /* ReleaseInfoSection.swift in Sources */,
				1F34989F22D0F9290000E4E8 /* AboutSection.swift in Sources */,
				1F30766522CCC7B4006A49C3 /* SceneDelegate.swift in Sources */,
				1FE2ACC322CD847100A8B239 /* UserNotifications.swift in Sources */,
			);
			runOnlyForDeploymentPostprocessing = 0;
		};
		1F45A69423CA26DD003B0301 /* Sources */ = {
			isa = PBXSourcesBuildPhase;
			buildActionMask = 2147483647;
			files = (
				1F45A6C523CA2866003B0301 /* UserDefault.swift in Sources */,
				1FBD27D623CF1BD50090BABD /* SettingsView.swift in Sources */,
				1F45A6BC23CA2749003B0301 /* XcodeReleasesApi.swift in Sources */,
				1FBD27D923CF1DCE0090BABD /* NotificationsEnabledRow.swift in Sources */,
				1FBD27DC23CF1DD80090BABD /* NotificationsFailedRow.swift in Sources */,
				1F45A6B723CA2700003B0301 /* XcodeReleaseRow.swift in Sources */,
				1F45A6A023CA26DD003B0301 /* ReleasesHostingController.swift in Sources */,
				1FBD27D723CF1D330090BABD /* AboutSection.swift in Sources */,
				1F921BB523CE443000264F85 /* Device+Debugging.swift in Sources */,
				1F45A6BA23CA2730003B0301 /* AppState.swift in Sources */,
				1F63B85723CDDF29005CD757 /* PKPushNotifications.swift in Sources */,
				1FBD27D823CF1D970090BABD /* NotificationSection.swift in Sources */,
				1F45A6A223CA26DD003B0301 /* ExtensionDelegate.swift in Sources */,
				1F45A6D323CB58AB003B0301 /* UserNotifications+watchOS.swift in Sources */,
				1F43011623CCA55000B6FBFC /* ComplicationController.swift in Sources */,
				1F45A6B923CA2724003B0301 /* MockReleases.swift in Sources */,
				1F45A6BB23CA2743003B0301 /* XcodeReleasesService.swift in Sources */,
				1F45A6C223CA27EF003B0301 /* ReleaseInfoSection.swift in Sources */,
				1F45A6B823CA2705003B0301 /* XcodeReleaseDetail.swift in Sources */,
				1F45A6CC23CA3097003B0301 /* NotificationState.swift in Sources */,
				1F77446D23CBDD0100699E60 /* InfoPList.swift in Sources */,
				1F45A6C923CA2DF3003B0301 /* UserNotifications.swift in Sources */,
				1FBD27DB23CF1DD50090BABD /* NotificationTokenRow.swift in Sources */,
				1F45A6BF23CA27AC003B0301 /* XcodeRelease+Identifiable.swift in Sources */,
				1F45A6C423CA27F4003B0301 /* SDKSection.swift in Sources */,
				1FBD27D523CF1B9D0090BABD /* SettingsHostingController.swift in Sources */,
				1F45A6B623CA26FD003B0301 /* XcodeReleaseList.swift in Sources */,
				1FBD27DA23CF1DD20090BABD /* NotificationsDeniedRow.swift in Sources */,
				1F45A6BD23CA2758003B0301 /* Environment.swift in Sources */,
			);
			runOnlyForDeploymentPostprocessing = 0;
		};
/* End PBXSourcesBuildPhase section */

/* Begin PBXTargetDependency section */
		1F45A69B23CA26DD003B0301 /* PBXTargetDependency */ = {
			isa = PBXTargetDependency;
			target = 1F45A69723CA26DD003B0301 /* Watch Extension */;
			targetProxy = 1F45A69A23CA26DD003B0301 /* PBXContainerItemProxy */;
		};
		1F45A6AA23CA26DE003B0301 /* PBXTargetDependency */ = {
			isa = PBXTargetDependency;
			target = 1F45A68B23CA26DB003B0301 /* Watch */;
			targetProxy = 1F45A6A923CA26DE003B0301 /* PBXContainerItemProxy */;
		};
/* End PBXTargetDependency section */

/* Begin PBXVariantGroup section */
		1F30767022CCC7B6006A49C3 /* LaunchScreen.storyboard */ = {
			isa = PBXVariantGroup;
			children = (
				1F30767122CCC7B6006A49C3 /* Base */,
			);
			name = LaunchScreen.storyboard;
			sourceTree = "<group>";
		};
		1F45A68E23CA26DB003B0301 /* Interface.storyboard */ = {
			isa = PBXVariantGroup;
			children = (
				1F45A68F23CA26DB003B0301 /* Base */,
			);
			name = Interface.storyboard;
			sourceTree = "<group>";
		};
/* End PBXVariantGroup section */

/* Begin XCBuildConfiguration section */
		1F30767F22CCC7B6006A49C3 /* Debug */ = {
			isa = XCBuildConfiguration;
			buildSettings = {
				ALWAYS_SEARCH_USER_PATHS = NO;
				CLANG_ANALYZER_NONNULL = YES;
				CLANG_ANALYZER_NUMBER_OBJECT_CONVERSION = YES_AGGRESSIVE;
				CLANG_CXX_LANGUAGE_STANDARD = "gnu++14";
				CLANG_CXX_LIBRARY = "libc++";
				CLANG_ENABLE_MODULES = YES;
				CLANG_ENABLE_OBJC_ARC = YES;
				CLANG_ENABLE_OBJC_WEAK = YES;
				CLANG_WARN_BLOCK_CAPTURE_AUTORELEASING = YES;
				CLANG_WARN_BOOL_CONVERSION = YES;
				CLANG_WARN_COMMA = YES;
				CLANG_WARN_CONSTANT_CONVERSION = YES;
				CLANG_WARN_DEPRECATED_OBJC_IMPLEMENTATIONS = YES;
				CLANG_WARN_DIRECT_OBJC_ISA_USAGE = YES_ERROR;
				CLANG_WARN_DOCUMENTATION_COMMENTS = YES;
				CLANG_WARN_EMPTY_BODY = YES;
				CLANG_WARN_ENUM_CONVERSION = YES;
				CLANG_WARN_INFINITE_RECURSION = YES;
				CLANG_WARN_INT_CONVERSION = YES;
				CLANG_WARN_NON_LITERAL_NULL_CONVERSION = YES;
				CLANG_WARN_OBJC_IMPLICIT_RETAIN_SELF = YES;
				CLANG_WARN_OBJC_LITERAL_CONVERSION = YES;
				CLANG_WARN_OBJC_ROOT_CLASS = YES_ERROR;
				CLANG_WARN_RANGE_LOOP_ANALYSIS = YES;
				CLANG_WARN_STRICT_PROTOTYPES = YES;
				CLANG_WARN_SUSPICIOUS_MOVE = YES;
				CLANG_WARN_UNGUARDED_AVAILABILITY = YES_AGGRESSIVE;
				CLANG_WARN_UNREACHABLE_CODE = YES;
				CLANG_WARN__DUPLICATE_METHOD_MATCH = YES;
				COPY_PHASE_STRIP = NO;
				DEBUG_INFORMATION_FORMAT = dwarf;
				ENABLE_STRICT_OBJC_MSGSEND = YES;
				ENABLE_TESTABILITY = YES;
				GCC_C_LANGUAGE_STANDARD = gnu11;
				GCC_DYNAMIC_NO_PIC = NO;
				GCC_NO_COMMON_BLOCKS = YES;
				GCC_OPTIMIZATION_LEVEL = 0;
				GCC_PREPROCESSOR_DEFINITIONS = (
					"DEBUG=1",
					"$(inherited)",
				);
				GCC_WARN_64_TO_32_BIT_CONVERSION = YES;
				GCC_WARN_ABOUT_RETURN_TYPE = YES_ERROR;
				GCC_WARN_UNDECLARED_SELECTOR = YES;
				GCC_WARN_UNINITIALIZED_AUTOS = YES_AGGRESSIVE;
				GCC_WARN_UNUSED_FUNCTION = YES;
				GCC_WARN_UNUSED_VARIABLE = YES;
				IPHONEOS_DEPLOYMENT_TARGET = 13.0;
				MTL_ENABLE_DEBUG_INFO = INCLUDE_SOURCE;
				MTL_FAST_MATH = YES;
				ONLY_ACTIVE_ARCH = YES;
				SDKROOT = iphoneos;
				SWIFT_ACTIVE_COMPILATION_CONDITIONS = DEBUG;
				SWIFT_OPTIMIZATION_LEVEL = "-Onone";
			};
			name = Debug;
		};
		1F30768022CCC7B6006A49C3 /* Release */ = {
			isa = XCBuildConfiguration;
			buildSettings = {
				ALWAYS_SEARCH_USER_PATHS = NO;
				CLANG_ANALYZER_NONNULL = YES;
				CLANG_ANALYZER_NUMBER_OBJECT_CONVERSION = YES_AGGRESSIVE;
				CLANG_CXX_LANGUAGE_STANDARD = "gnu++14";
				CLANG_CXX_LIBRARY = "libc++";
				CLANG_ENABLE_MODULES = YES;
				CLANG_ENABLE_OBJC_ARC = YES;
				CLANG_ENABLE_OBJC_WEAK = YES;
				CLANG_WARN_BLOCK_CAPTURE_AUTORELEASING = YES;
				CLANG_WARN_BOOL_CONVERSION = YES;
				CLANG_WARN_COMMA = YES;
				CLANG_WARN_CONSTANT_CONVERSION = YES;
				CLANG_WARN_DEPRECATED_OBJC_IMPLEMENTATIONS = YES;
				CLANG_WARN_DIRECT_OBJC_ISA_USAGE = YES_ERROR;
				CLANG_WARN_DOCUMENTATION_COMMENTS = YES;
				CLANG_WARN_EMPTY_BODY = YES;
				CLANG_WARN_ENUM_CONVERSION = YES;
				CLANG_WARN_INFINITE_RECURSION = YES;
				CLANG_WARN_INT_CONVERSION = YES;
				CLANG_WARN_NON_LITERAL_NULL_CONVERSION = YES;
				CLANG_WARN_OBJC_IMPLICIT_RETAIN_SELF = YES;
				CLANG_WARN_OBJC_LITERAL_CONVERSION = YES;
				CLANG_WARN_OBJC_ROOT_CLASS = YES_ERROR;
				CLANG_WARN_RANGE_LOOP_ANALYSIS = YES;
				CLANG_WARN_STRICT_PROTOTYPES = YES;
				CLANG_WARN_SUSPICIOUS_MOVE = YES;
				CLANG_WARN_UNGUARDED_AVAILABILITY = YES_AGGRESSIVE;
				CLANG_WARN_UNREACHABLE_CODE = YES;
				CLANG_WARN__DUPLICATE_METHOD_MATCH = YES;
				COPY_PHASE_STRIP = NO;
				DEBUG_INFORMATION_FORMAT = "dwarf-with-dsym";
				ENABLE_NS_ASSERTIONS = NO;
				ENABLE_STRICT_OBJC_MSGSEND = YES;
				GCC_C_LANGUAGE_STANDARD = gnu11;
				GCC_NO_COMMON_BLOCKS = YES;
				GCC_WARN_64_TO_32_BIT_CONVERSION = YES;
				GCC_WARN_ABOUT_RETURN_TYPE = YES_ERROR;
				GCC_WARN_UNDECLARED_SELECTOR = YES;
				GCC_WARN_UNINITIALIZED_AUTOS = YES_AGGRESSIVE;
				GCC_WARN_UNUSED_FUNCTION = YES;
				GCC_WARN_UNUSED_VARIABLE = YES;
				IPHONEOS_DEPLOYMENT_TARGET = 13.0;
				MTL_ENABLE_DEBUG_INFO = NO;
				MTL_FAST_MATH = YES;
				SDKROOT = iphoneos;
				SWIFT_COMPILATION_MODE = wholemodule;
				SWIFT_OPTIMIZATION_LEVEL = "-O";
				VALIDATE_PRODUCT = YES;
			};
			name = Release;
		};
		1F30768222CCC7B6006A49C3 /* Debug */ = {
			isa = XCBuildConfiguration;
			buildSettings = {
				ASSETCATALOG_COMPILER_APPICON_NAME = AppIcon;
				CODE_SIGN_ENTITLEMENTS = XcodeReleases/XcodeReleasesDebug.entitlements;
				CODE_SIGN_IDENTITY = "iPhone Developer";
				CODE_SIGN_STYLE = Manual;
				DEVELOPMENT_ASSET_PATHS = "XcodeReleases/Preview\\ Content";
				DEVELOPMENT_TEAM = NTX63W5EU6;
				ENABLE_PREVIEWS = YES;
				INFOPLIST_FILE = XcodeReleases/Resources/Info.plist;
				LD_RUNPATH_SEARCH_PATHS = (
					"$(inherited)",
					"@executable_path/Frameworks",
				);
				PRODUCT_BUNDLE_IDENTIFIER = com.jefflett.XcodeReleases;
				PRODUCT_NAME = "$(TARGET_NAME)";
				PROVISIONING_PROFILE_SPECIFIER = "XcodeReleases Development";
				SWIFT_VERSION = 5.0;
				TARGETED_DEVICE_FAMILY = "1,2";
			};
			name = Debug;
		};
		1F30768322CCC7B6006A49C3 /* Release */ = {
			isa = XCBuildConfiguration;
			buildSettings = {
				ASSETCATALOG_COMPILER_APPICON_NAME = AppIcon;
				CODE_SIGN_ENTITLEMENTS = XcodeReleases/XcodeReleasesRelease.entitlements;
				CODE_SIGN_IDENTITY = "iPhone Distribution";
				CODE_SIGN_STYLE = Manual;
				DEVELOPMENT_ASSET_PATHS = "XcodeReleases/Preview\\ Content";
				DEVELOPMENT_TEAM = NTX63W5EU6;
				ENABLE_PREVIEWS = YES;
				INFOPLIST_FILE = XcodeReleases/Resources/Info.plist;
				LD_RUNPATH_SEARCH_PATHS = (
					"$(inherited)",
					"@executable_path/Frameworks",
				);
				PRODUCT_BUNDLE_IDENTIFIER = com.jefflett.XcodeReleases;
				PRODUCT_NAME = "$(TARGET_NAME)";
				PROVISIONING_PROFILE_SPECIFIER = "Xcode Releases Distribution";
				SWIFT_VERSION = 5.0;
				TARGETED_DEVICE_FAMILY = "1,2";
			};
			name = Release;
		};
		1F45A6AD23CA26DE003B0301 /* Debug */ = {
			isa = XCBuildConfiguration;
			buildSettings = {
				ALWAYS_EMBED_SWIFT_STANDARD_LIBRARIES = YES;
				ASSETCATALOG_COMPILER_APPICON_NAME = AppIcon;
				CODE_SIGN_ENTITLEMENTS = Watch/WatchDebug.entitlements;
				CODE_SIGN_IDENTITY = "iPhone Developer";
				CODE_SIGN_STYLE = Manual;
				DEVELOPMENT_TEAM = NTX63W5EU6;
				IBSC_MODULE = Watch_Extension;
				INFOPLIST_FILE = Watch/Info.plist;
				PRODUCT_BUNDLE_IDENTIFIER = com.jefflett.XcodeReleases.watchkitapp;
				PRODUCT_NAME = "$(TARGET_NAME)";
				PROVISIONING_PROFILE_SPECIFIER = "Xcode Releases Watch Development";
				SDKROOT = watchos;
				SKIP_INSTALL = YES;
				SWIFT_VERSION = 5.0;
				TARGETED_DEVICE_FAMILY = 4;
				WATCHOS_DEPLOYMENT_TARGET = 6.1;
			};
			name = Debug;
		};
		1F45A6AE23CA26DE003B0301 /* Release */ = {
			isa = XCBuildConfiguration;
			buildSettings = {
				ALWAYS_EMBED_SWIFT_STANDARD_LIBRARIES = YES;
				ASSETCATALOG_COMPILER_APPICON_NAME = AppIcon;
				CODE_SIGN_IDENTITY = "iPhone Distribution";
				CODE_SIGN_STYLE = Manual;
				DEVELOPMENT_TEAM = NTX63W5EU6;
				IBSC_MODULE = Watch_Extension;
				INFOPLIST_FILE = Watch/Info.plist;
				PRODUCT_BUNDLE_IDENTIFIER = com.jefflett.XcodeReleases.watchkitapp;
				PRODUCT_NAME = "$(TARGET_NAME)";
				PROVISIONING_PROFILE_SPECIFIER = "Xcode Releases Watch Distribution";
				SDKROOT = watchos;
				SKIP_INSTALL = YES;
				SWIFT_VERSION = 5.0;
				TARGETED_DEVICE_FAMILY = 4;
				WATCHOS_DEPLOYMENT_TARGET = 6.1;
			};
			name = Release;
		};
		1F45A6B023CA26DE003B0301 /* Debug */ = {
			isa = XCBuildConfiguration;
			buildSettings = {
				ASSETCATALOG_COMPILER_COMPLICATION_NAME = Complication;
				CODE_SIGN_ENTITLEMENTS = "Watch Extension/Watch ExtensionDebug.entitlements";
				CODE_SIGN_IDENTITY = "iPhone Developer";
				CODE_SIGN_STYLE = Manual;
				DEVELOPMENT_ASSET_PATHS = "\"Watch Extension/Preview Content\"";
				DEVELOPMENT_TEAM = NTX63W5EU6;
				ENABLE_PREVIEWS = YES;
				INFOPLIST_FILE = "Watch Extension/Info.plist";
				LD_RUNPATH_SEARCH_PATHS = (
					"$(inherited)",
					"@executable_path/Frameworks",
					"@executable_path/../../Frameworks",
				);
				PRODUCT_BUNDLE_IDENTIFIER = com.jefflett.XcodeReleases.watchkitapp.watchkitextension;
				PRODUCT_NAME = "${TARGET_NAME}";
				PROVISIONING_PROFILE_SPECIFIER = "Xcode Releases Watch Extension Development";
				SDKROOT = watchos;
				SKIP_INSTALL = YES;
				SWIFT_VERSION = 5.0;
				TARGETED_DEVICE_FAMILY = 4;
				WATCHOS_DEPLOYMENT_TARGET = 6.1;
			};
			name = Debug;
		};
		1F45A6B123CA26DE003B0301 /* Release */ = {
			isa = XCBuildConfiguration;
			buildSettings = {
				ASSETCATALOG_COMPILER_COMPLICATION_NAME = Complication;
				CODE_SIGN_ENTITLEMENTS = "Watch Extension/Watch ExtensionRelease.entitlements";
				CODE_SIGN_IDENTITY = "iPhone Distribution";
				CODE_SIGN_STYLE = Manual;
				DEVELOPMENT_ASSET_PATHS = "\"Watch Extension/Preview Content\"";
				DEVELOPMENT_TEAM = NTX63W5EU6;
				ENABLE_PREVIEWS = YES;
				INFOPLIST_FILE = "Watch Extension/Info.plist";
				LD_RUNPATH_SEARCH_PATHS = (
					"$(inherited)",
					"@executable_path/Frameworks",
					"@executable_path/../../Frameworks",
				);
				PRODUCT_BUNDLE_IDENTIFIER = com.jefflett.XcodeReleases.watchkitapp.watchkitextension;
				PRODUCT_NAME = "${TARGET_NAME}";
				PROVISIONING_PROFILE_SPECIFIER = "Xcode Releases Watch Extension Distribution";
				SDKROOT = watchos;
				SKIP_INSTALL = YES;
				SWIFT_VERSION = 5.0;
				TARGETED_DEVICE_FAMILY = 4;
				WATCHOS_DEPLOYMENT_TARGET = 6.1;
			};
			name = Release;
		};
/* End XCBuildConfiguration section */

/* Begin XCConfigurationList section */
		1F30765A22CCC7B4006A49C3 /* Build configuration list for PBXProject "XcodeReleases" */ = {
			isa = XCConfigurationList;
			buildConfigurations = (
				1F30767F22CCC7B6006A49C3 /* Debug */,
				1F30768022CCC7B6006A49C3 /* Release */,
			);
			defaultConfigurationIsVisible = 0;
			defaultConfigurationName = Release;
		};
		1F30768122CCC7B6006A49C3 /* Build configuration list for PBXNativeTarget "Xcode Releases" */ = {
			isa = XCConfigurationList;
			buildConfigurations = (
				1F30768222CCC7B6006A49C3 /* Debug */,
				1F30768322CCC7B6006A49C3 /* Release */,
			);
			defaultConfigurationIsVisible = 0;
			defaultConfigurationName = Release;
		};
		1F45A6B223CA26DE003B0301 /* Build configuration list for PBXNativeTarget "Watch Extension" */ = {
			isa = XCConfigurationList;
			buildConfigurations = (
				1F45A6B023CA26DE003B0301 /* Debug */,
				1F45A6B123CA26DE003B0301 /* Release */,
			);
			defaultConfigurationIsVisible = 0;
			defaultConfigurationName = Release;
		};
		1F45A6B323CA26DE003B0301 /* Build configuration list for PBXNativeTarget "Watch" */ = {
			isa = XCConfigurationList;
			buildConfigurations = (
				1F45A6AD23CA26DE003B0301 /* Debug */,
				1F45A6AE23CA26DE003B0301 /* Release */,
			);
			defaultConfigurationIsVisible = 0;
			defaultConfigurationName = Release;
		};
/* End XCConfigurationList section */

/* Begin XCRemoteSwiftPackageReference section */
		1F97B9B523CDF9670047AD6A /* XCRemoteSwiftPackageReference "APNS" */ = {
			isa = XCRemoteSwiftPackageReference;
			repositoryURL = "https://github.com/jeffctown/APNS.git";
			requirement = {
				kind = upToNextMajorVersion;
				minimumVersion = 1.2.0;
			};
		};
		1FD1AAA8238AB4310096DA87 /* XCRemoteSwiftPackageReference "XcodeReleasesKit" */ = {
			isa = XCRemoteSwiftPackageReference;
			repositoryURL = "https://github.com/jeffctown/XcodeReleasesKit.git";
			requirement = {
				kind = upToNextMajorVersion;
				minimumVersion = 1.0.0;
			};
		};
/* End XCRemoteSwiftPackageReference section */

/* Begin XCSwiftPackageProductDependency section */
		1F45A6B423CA26E6003B0301 /* XcodeReleasesKit */ = {
			isa = XCSwiftPackageProductDependency;
			package = 1FD1AAA8238AB4310096DA87 /* XCRemoteSwiftPackageReference "XcodeReleasesKit" */;
			productName = XcodeReleasesKit;
		};
		1F97B9BA23CDF9670047AD6A /* APNS */ = {
			isa = XCSwiftPackageProductDependency;
			package = 1F97B9B523CDF9670047AD6A /* XCRemoteSwiftPackageReference "APNS" */;
			productName = APNS;
		};
		1F97B9BC23CDF9930047AD6A /* APNS */ = {
			isa = XCSwiftPackageProductDependency;
			package = 1F97B9B523CDF9670047AD6A /* XCRemoteSwiftPackageReference "APNS" */;
			productName = APNS;
		};
		1FD1AAA9238AB4310096DA87 /* XcodeReleasesKit */ = {
			isa = XCSwiftPackageProductDependency;
			package = 1FD1AAA8238AB4310096DA87 /* XCRemoteSwiftPackageReference "XcodeReleasesKit" */;
			productName = XcodeReleasesKit;
		};
/* End XCSwiftPackageProductDependency section */
	};
	rootObject = 1F30765722CCC7B4006A49C3 /* Project object */;
}
