// !$*UTF8*$!
{
	archiveVersion = 1;
	classes = {
	};
	objectVersion = 50;
	objects = {

/* Begin PBXBuildFile section */
		1F97870D22CCC51500701BAB /* AppDelegate.swift in Sources */ = {isa = PBXBuildFile; fileRef = 1F97870C22CCC51500701BAB /* AppDelegate.swift */; };
		1F97870F22CCC51500701BAB /* ViewController.swift in Sources */ = {isa = PBXBuildFile; fileRef = 1F97870E22CCC51500701BAB /* ViewController.swift */; };
		1F97871222CCC51500701BAB /* Main.storyboard in Resources */ = {isa = PBXBuildFile; fileRef = 1F97871022CCC51500701BAB /* Main.storyboard */; };
		1F97871522CCC51500701BAB /* XcodeReleases.xcdatamodeld in Sources */ = {isa = PBXBuildFile; fileRef = 1F97871322CCC51500701BAB /* XcodeReleases.xcdatamodeld */; };
		1F97871722CCC51600701BAB /* Assets.xcassets in Resources */ = {isa = PBXBuildFile; fileRef = 1F97871622CCC51600701BAB /* Assets.xcassets */; };
		1F97871A22CCC51600701BAB /* LaunchScreen.storyboard in Resources */ = {isa = PBXBuildFile; fileRef = 1F97871822CCC51600701BAB /* LaunchScreen.storyboard */; };
/* End PBXBuildFile section */

/* Begin PBXFileReference section */
		1F97870922CCC51500701BAB /* XcodeReleases.app */ = {isa = PBXFileReference; explicitFileType = wrapper.application; includeInIndex = 0; path = XcodeReleases.app; sourceTree = BUILT_PRODUCTS_DIR; };
		1F97870C22CCC51500701BAB /* AppDelegate.swift */ = {isa = PBXFileReference; lastKnownFileType = sourcecode.swift; path = AppDelegate.swift; sourceTree = "<group>"; };
		1F97870E22CCC51500701BAB /* ViewController.swift */ = {isa = PBXFileReference; lastKnownFileType = sourcecode.swift; path = ViewController.swift; sourceTree = "<group>"; };
		1F97871122CCC51500701BAB /* Base */ = {isa = PBXFileReference; lastKnownFileType = file.storyboard; name = Base; path = Base.lproj/Main.storyboard; sourceTree = "<group>"; };
		1F97871422CCC51500701BAB /* XcodeReleases.xcdatamodel */ = {isa = PBXFileReference; lastKnownFileType = wrapper.xcdatamodel; path = XcodeReleases.xcdatamodel; sourceTree = "<group>"; };
		1F97871622CCC51600701BAB /* Assets.xcassets */ = {isa = PBXFileReference; lastKnownFileType = folder.assetcatalog; path = Assets.xcassets; sourceTree = "<group>"; };
		1F97871922CCC51600701BAB /* Base */ = {isa = PBXFileReference; lastKnownFileType = file.storyboard; name = Base; path = Base.lproj/LaunchScreen.storyboard; sourceTree = "<group>"; };
		1F97871B22CCC51600701BAB /* Info.plist */ = {isa = PBXFileReference; lastKnownFileType = text.plist.xml; path = Info.plist; sourceTree = "<group>"; };
/* End PBXFileReference section */

/* Begin PBXFrameworksBuildPhase section */
		1F97870622CCC51500701BAB /* Frameworks */ = {
			isa = PBXFrameworksBuildPhase;
			buildActionMask = 2147483647;
			files = (
			);
			runOnlyForDeploymentPostprocessing = 0;
		};
/* End PBXFrameworksBuildPhase section */

/* Begin PBXGroup section */
		1F97870022CCC51500701BAB = {
			isa = PBXGroup;
			children = (
				1F97870B22CCC51500701BAB /* XcodeReleases */,
				1F97870A22CCC51500701BAB /* Products */,
			);
			sourceTree = "<group>";
		};
		1F97870A22CCC51500701BAB /* Products */ = {
			isa = PBXGroup;
			children = (
				1F97870922CCC51500701BAB /* XcodeReleases.app */,
			);
			name = Products;
			sourceTree = "<group>";
		};
		1F97870B22CCC51500701BAB /* XcodeReleases */ = {
			isa = PBXGroup;
			children = (
				1F97870C22CCC51500701BAB /* AppDelegate.swift */,
				1F97870E22CCC51500701BAB /* ViewController.swift */,
				1F97871022CCC51500701BAB /* Main.storyboard */,
				1F97871622CCC51600701BAB /* Assets.xcassets */,
				1F97871822CCC51600701BAB /* LaunchScreen.storyboard */,
				1F97871B22CCC51600701BAB /* Info.plist */,
				1F97871322CCC51500701BAB /* XcodeReleases.xcdatamodeld */,
			);
			path = XcodeReleases;
			sourceTree = "<group>";
		};
/* End PBXGroup section */

/* Begin PBXNativeTarget section */
		1F97870822CCC51500701BAB /* XcodeReleases */ = {
			isa = PBXNativeTarget;
			buildConfigurationList = 1F97871E22CCC51600701BAB /* Build configuration list for PBXNativeTarget "XcodeReleases" */;
			buildPhases = (
				1F97870522CCC51500701BAB /* Sources */,
				1F97870622CCC51500701BAB /* Frameworks */,
				1F97870722CCC51500701BAB /* Resources */,
			);
			buildRules = (
			);
			dependencies = (
			);
			name = XcodeReleases;
			productName = XcodeReleases;
			productReference = 1F97870922CCC51500701BAB /* XcodeReleases.app */;
			productType = "com.apple.product-type.application";
		};
/* End PBXNativeTarget section */

/* Begin PBXProject section */
		1F97870122CCC51500701BAB /* Project object */ = {
			isa = PBXProject;
			attributes = {
				LastSwiftUpdateCheck = 1010;
				LastUpgradeCheck = 1010;
				ORGANIZATIONNAME = "Jeff Lett";
				TargetAttributes = {
					1F97870822CCC51500701BAB = {
						CreatedOnToolsVersion = 10.1;
					};
				};
			};
			buildConfigurationList = 1F97870422CCC51500701BAB /* Build configuration list for PBXProject "XcodeReleases" */;
			compatibilityVersion = "Xcode 9.3";
			developmentRegion = en;
			hasScannedForEncodings = 0;
			knownRegions = (
				en,
				Base,
			);
			mainGroup = 1F97870022CCC51500701BAB;
			productRefGroup = 1F97870A22CCC51500701BAB /* Products */;
			projectDirPath = "";
			projectRoot = "";
			targets = (
				1F97870822CCC51500701BAB /* XcodeReleases */,
			);
		};
/* End PBXProject section */

/* Begin PBXResourcesBuildPhase section */
		1F97870722CCC51500701BAB /* Resources */ = {
			isa = PBXResourcesBuildPhase;
			buildActionMask = 2147483647;
			files = (
				1F97871A22CCC51600701BAB /* LaunchScreen.storyboard in Resources */,
				1F97871722CCC51600701BAB /* Assets.xcassets in Resources */,
				1F97871222CCC51500701BAB /* Main.storyboard in Resources */,
			);
			runOnlyForDeploymentPostprocessing = 0;
		};
/* End PBXResourcesBuildPhase section */

/* Begin PBXSourcesBuildPhase section */
		1F97870522CCC51500701BAB /* Sources */ = {
			isa = PBXSourcesBuildPhase;
			buildActionMask = 2147483647;
			files = (
				1F97871522CCC51500701BAB /* XcodeReleases.xcdatamodeld in Sources */,
				1F97870F22CCC51500701BAB /* ViewController.swift in Sources */,
				1F97870D22CCC51500701BAB /* AppDelegate.swift in Sources */,
			);
			runOnlyForDeploymentPostprocessing = 0;
		};
/* End PBXSourcesBuildPhase section */

/* Begin PBXVariantGroup section */
		1F97871022CCC51500701BAB /* Main.storyboard */ = {
			isa = PBXVariantGroup;
			children = (
				1F97871122CCC51500701BAB /* Base */,
			);
			name = Main.storyboard;
			sourceTree = "<group>";
		};
		1F97871822CCC51600701BAB /* LaunchScreen.storyboard */ = {
			isa = PBXVariantGroup;
			children = (
				1F97871922CCC51600701BAB /* Base */,
			);
			name = LaunchScreen.storyboard;
			sourceTree = "<group>";
		};
/* End PBXVariantGroup section */

/* Begin XCBuildConfiguration section */
		1F97871C22CCC51600701BAB /* Debug */ = {
			isa = XCBuildConfiguration;
			buildSettings = {
				ALWAYS_SEARCH_USER_PATHS = NO;
				CLANG_ANALYZER_NONNULL = YES;
				CLANG_ANALYZER_NUMBER_OBJECT_CONVERSION = YES_AGGRESSIVE;
				CLANG_CXX_LANGUAGE_STANDARD = "gnu++14";
				CLANG_CXX_LIBRARY = "libc++";
				CLANG_ENABLE_MODULES = YES;
				CLANG_ENABLE_OBJC_ARC = YES;
				CLANG_ENABLE_OBJC_WEAK = YES;
				CLANG_WARN_BLOCK_CAPTURE_AUTORELEASING = YES;
				CLANG_WARN_BOOL_CONVERSION = YES;
				CLANG_WARN_COMMA = YES;
				CLANG_WARN_CONSTANT_CONVERSION = YES;
				CLANG_WARN_DEPRECATED_OBJC_IMPLEMENTATIONS = YES;
				CLANG_WARN_DIRECT_OBJC_ISA_USAGE = YES_ERROR;
				CLANG_WARN_DOCUMENTATION_COMMENTS = YES;
				CLANG_WARN_EMPTY_BODY = YES;
				CLANG_WARN_ENUM_CONVERSION = YES;
				CLANG_WARN_INFINITE_RECURSION = YES;
				CLANG_WARN_INT_CONVERSION = YES;
				CLANG_WARN_NON_LITERAL_NULL_CONVERSION = YES;
				CLANG_WARN_OBJC_IMPLICIT_RETAIN_SELF = YES;
				CLANG_WARN_OBJC_LITERAL_CONVERSION = YES;
				CLANG_WARN_OBJC_ROOT_CLASS = YES_ERROR;
				CLANG_WARN_RANGE_LOOP_ANALYSIS = YES;
				CLANG_WARN_STRICT_PROTOTYPES = YES;
				CLANG_WARN_SUSPICIOUS_MOVE = YES;
				CLANG_WARN_UNGUARDED_AVAILABILITY = YES_AGGRESSIVE;
				CLANG_WARN_UNREACHABLE_CODE = YES;
				CLANG_WARN__DUPLICATE_METHOD_MATCH = YES;
				CODE_SIGN_IDENTITY = "iPhone Developer";
				COPY_PHASE_STRIP = NO;
				DEBUG_INFORMATION_FORMAT = dwarf;
				ENABLE_STRICT_OBJC_MSGSEND = YES;
				ENABLE_TESTABILITY = YES;
				GCC_C_LANGUAGE_STANDARD = gnu11;
				GCC_DYNAMIC_NO_PIC = NO;
				GCC_NO_COMMON_BLOCKS = YES;
				GCC_OPTIMIZATION_LEVEL = 0;
				GCC_PREPROCESSOR_DEFINITIONS = (
					"DEBUG=1",
					"$(inherited)",
				);
				GCC_WARN_64_TO_32_BIT_CONVERSION = YES;
				GCC_WARN_ABOUT_RETURN_TYPE = YES_ERROR;
				GCC_WARN_UNDECLARED_SELECTOR = YES;
				GCC_WARN_UNINITIALIZED_AUTOS = YES_AGGRESSIVE;
				GCC_WARN_UNUSED_FUNCTION = YES;
				GCC_WARN_UNUSED_VARIABLE = YES;
				IPHONEOS_DEPLOYMENT_TARGET = 12.1;
				MTL_ENABLE_DEBUG_INFO = INCLUDE_SOURCE;
				MTL_FAST_MATH = YES;
				ONLY_ACTIVE_ARCH = YES;
				SDKROOT = iphoneos;
				SWIFT_ACTIVE_COMPILATION_CONDITIONS = DEBUG;
				SWIFT_OPTIMIZATION_LEVEL = "-Onone";
			};
			name = Debug;
		};
		1F97871D22CCC51600701BAB /* Release */ = {
			isa = XCBuildConfiguration;
			buildSettings = {
				ALWAYS_SEARCH_USER_PATHS = NO;
				CLANG_ANALYZER_NONNULL = YES;
				CLANG_ANALYZER_NUMBER_OBJECT_CONVERSION = YES_AGGRESSIVE;
				CLANG_CXX_LANGUAGE_STANDARD = "gnu++14";
				CLANG_CXX_LIBRARY = "libc++";
				CLANG_ENABLE_MODULES = YES;
				CLANG_ENABLE_OBJC_ARC = YES;
				CLANG_ENABLE_OBJC_WEAK = YES;
				CLANG_WARN_BLOCK_CAPTURE_AUTORELEASING = YES;
				CLANG_WARN_BOOL_CONVERSION = YES;
				CLANG_WARN_COMMA = YES;
				CLANG_WARN_CONSTANT_CONVERSION = YES;
				CLANG_WARN_DEPRECATED_OBJC_IMPLEMENTATIONS = YES;
				CLANG_WARN_DIRECT_OBJC_ISA_USAGE = YES_ERROR;
				CLANG_WARN_DOCUMENTATION_COMMENTS = YES;
				CLANG_WARN_EMPTY_BODY = YES;
				CLANG_WARN_ENUM_CONVERSION = YES;
				CLANG_WARN_INFINITE_RECURSION = YES;
				CLANG_WARN_INT_CONVERSION = YES;
				CLANG_WARN_NON_LITERAL_NULL_CONVERSION = YES;
				CLANG_WARN_OBJC_IMPLICIT_RETAIN_SELF = YES;
				CLANG_WARN_OBJC_LITERAL_CONVERSION = YES;
				CLANG_WARN_OBJC_ROOT_CLASS = YES_ERROR;
				CLANG_WARN_RANGE_LOOP_ANALYSIS = YES;
				CLANG_WARN_STRICT_PROTOTYPES = YES;
				CLANG_WARN_SUSPICIOUS_MOVE = YES;
				CLANG_WARN_UNGUARDED_AVAILABILITY = YES_AGGRESSIVE;
				CLANG_WARN_UNREACHABLE_CODE = YES;
				CLANG_WARN__DUPLICATE_METHOD_MATCH = YES;
				CODE_SIGN_IDENTITY = "iPhone Developer";
				COPY_PHASE_STRIP = NO;
				DEBUG_INFORMATION_FORMAT = "dwarf-with-dsym";
				ENABLE_NS_ASSERTIONS = NO;
				ENABLE_STRICT_OBJC_MSGSEND = YES;
				GCC_C_LANGUAGE_STANDARD = gnu11;
				GCC_NO_COMMON_BLOCKS = YES;
				GCC_WARN_64_TO_32_BIT_CONVERSION = YES;
				GCC_WARN_ABOUT_RETURN_TYPE = YES_ERROR;
				GCC_WARN_UNDECLARED_SELECTOR = YES;
				GCC_WARN_UNINITIALIZED_AUTOS = YES_AGGRESSIVE;
				GCC_WARN_UNUSED_FUNCTION = YES;
				GCC_WARN_UNUSED_VARIABLE = YES;
				IPHONEOS_DEPLOYMENT_TARGET = 12.1;
				MTL_ENABLE_DEBUG_INFO = NO;
				MTL_FAST_MATH = YES;
				SDKROOT = iphoneos;
				SWIFT_COMPILATION_MODE = wholemodule;
				SWIFT_OPTIMIZATION_LEVEL = "-O";
				VALIDATE_PRODUCT = YES;
			};
			name = Release;
		};
		1F97871F22CCC51600701BAB /* Debug */ = {
			isa = XCBuildConfiguration;
			buildSettings = {
				ASSETCATALOG_COMPILER_APPICON_NAME = AppIcon;
				CODE_SIGN_STYLE = Automatic;
				DEVELOPMENT_TEAM = NTX63W5EU6;
				INFOPLIST_FILE = XcodeReleases/Info.plist;
				LD_RUNPATH_SEARCH_PATHS = (
					"$(inherited)",
					"@executable_path/Frameworks",
				);
				PRODUCT_BUNDLE_IDENTIFIER = com.jefflett.XcodeReleases;
				PRODUCT_NAME = "$(TARGET_NAME)";
				SWIFT_VERSION = 4.2;
				TARGETED_DEVICE_FAMILY = "1,2";
			};
			name = Debug;
		};
		1F97872022CCC51600701BAB /* Release */ = {
			isa = XCBuildConfiguration;
			buildSettings = {
				ASSETCATALOG_COMPILER_APPICON_NAME = AppIcon;
				CODE_SIGN_STYLE = Automatic;
				DEVELOPMENT_TEAM = NTX63W5EU6;
				INFOPLIST_FILE = XcodeReleases/Info.plist;
				LD_RUNPATH_SEARCH_PATHS = (
					"$(inherited)",
					"@executable_path/Frameworks",
				);
				PRODUCT_BUNDLE_IDENTIFIER = com.jefflett.XcodeReleases;
				PRODUCT_NAME = "$(TARGET_NAME)";
				SWIFT_VERSION = 4.2;
				TARGETED_DEVICE_FAMILY = "1,2";
			};
			name = Release;
		};
/* End XCBuildConfiguration section */

/* Begin XCConfigurationList section */
		1F97870422CCC51500701BAB /* Build configuration list for PBXProject "XcodeReleases" */ = {
			isa = XCConfigurationList;
			buildConfigurations = (
				1F97871C22CCC51600701BAB /* Debug */,
				1F97871D22CCC51600701BAB /* Release */,
			);
			defaultConfigurationIsVisible = 0;
			defaultConfigurationName = Release;
		};
		1F97871E22CCC51600701BAB /* Build configuration list for PBXNativeTarget "XcodeReleases" */ = {
			isa = XCConfigurationList;
			buildConfigurations = (
				1F97871F22CCC51600701BAB /* Debug */,
				1F97872022CCC51600701BAB /* Release */,
			);
			defaultConfigurationIsVisible = 0;
			defaultConfigurationName = Release;
		};
/* End XCConfigurationList section */

/* Begin XCVersionGroup section */
		1F97871322CCC51500701BAB /* XcodeReleases.xcdatamodeld */ = {
			isa = XCVersionGroup;
			children = (
				1F97871422CCC51500701BAB /* XcodeReleases.xcdatamodel */,
			);
			currentVersion = 1F97871422CCC51500701BAB /* XcodeReleases.xcdatamodel */;
			path = XcodeReleases.xcdatamodeld;
			sourceTree = "<group>";
			versionGroupType = wrapper.xcdatamodel;
		};
/* End XCVersionGroup section */
	};
	rootObject = 1F97870122CCC51500701BAB /* Project object */;
}
